<?xml version="1.0" encoding="utf-8"?>
<Project ToolsVersion="4.0" xmlns="http://schemas.microsoft.com/developer/msbuild/2003">
  <ItemGroup>
    <Filter Include="リソース ファイル">
      <UniqueIdentifier>{67DA6AB6-F800-4c08-8B7A-83BB121AAD01}</UniqueIdentifier>
      <Extensions>rc;ico;cur;bmp;dlg;rc2;rct;bin;rgs;gif;jpg;jpeg;jpe;resx;tiff;tif;png;wav;mfcribbon-ms</Extensions>
    </Filter>
    <Filter Include="Shader">
      <UniqueIdentifier>{ebea575b-6f4d-4e6e-b893-a47bace55e10}</UniqueIdentifier>
    </Filter>
    <Filter Include="Application">
      <UniqueIdentifier>{7b67c8d0-4c10-4f8a-bb34-b52e248a8ed7}</UniqueIdentifier>
    </Filter>
    <Filter Include="Application\Source">
      <UniqueIdentifier>{7d545895-5999-4f49-8a75-90a776f7062e}</UniqueIdentifier>
    </Filter>
    <Filter Include="Application\Header">
      <UniqueIdentifier>{3b72bdd1-0e37-4f84-9615-af682d06bebc}</UniqueIdentifier>
    </Filter>
    <Filter Include="Application\Header\Scene">
      <UniqueIdentifier>{bf63e877-8567-420d-a7cc-f70e9b0eaa71}</UniqueIdentifier>
    </Filter>
    <Filter Include="Application\Source\Scene">
      <UniqueIdentifier>{4549da2c-25e5-4c54-a0d3-93f008c91093}</UniqueIdentifier>
    </Filter>
    <Filter Include="Uncategorized">
      <UniqueIdentifier>{a0e509e1-416c-4df2-a204-ba1f23432926}</UniqueIdentifier>
    </Filter>
    <Filter Include="Uncategorized\Source">
      <UniqueIdentifier>{4FC737F1-C7A5-4376-A066-2A32D752A2FF}</UniqueIdentifier>
      <Extensions>cpp;c;cc;cxx;c++;cppm;ixx;def;odl;idl;hpj;bat;asm;asmx</Extensions>
    </Filter>
    <Filter Include="Uncategorized\Header">
      <UniqueIdentifier>{93995380-89BD-4b04-88EB-625FBE52EBFB}</UniqueIdentifier>
      <Extensions>h;hh;hpp;hxx;h++;hm;inl;inc;ipp;xsd</Extensions>
    </Filter>
    <Filter Include="Shader\Engine">
      <UniqueIdentifier>{34972156-5f9a-4832-bb11-aad9c71353e6}</UniqueIdentifier>
    </Filter>
    <Filter Include="Shader\Engine\Util">
      <UniqueIdentifier>{0031c42b-881b-489c-9e3d-7deffda456b0}</UniqueIdentifier>
    </Filter>
    <Filter Include="Shader\Application">
      <UniqueIdentifier>{a6427656-65d8-448f-a149-1d8ea1006296}</UniqueIdentifier>
    </Filter>
    <Filter Include="NewEngine">
      <UniqueIdentifier>{1cb946a9-b40c-4db0-b91b-7eaad5137338}</UniqueIdentifier>
    </Filter>
    <Filter Include="NewEngine\Header">
      <UniqueIdentifier>{02c56b0b-d499-41e5-ab27-513a6dd69739}</UniqueIdentifier>
    </Filter>
    <Filter Include="NewEngine\Header\Render">
      <UniqueIdentifier>{1edb732b-13ca-4c1b-ac35-75dc673cdede}</UniqueIdentifier>
    </Filter>
    <Filter Include="NewEngine\Header\Render\Buffer">
      <UniqueIdentifier>{b7bd0bb9-118e-4ba2-acc1-de14edef096b}</UniqueIdentifier>
    </Filter>
    <Filter Include="NewEngine\Header\Object">
      <UniqueIdentifier>{43122723-d83e-49bb-856b-479583eeb5de}</UniqueIdentifier>
    </Filter>
    <Filter Include="NewEngine\Header\Object\3D">
      <UniqueIdentifier>{595114dc-e3c0-442d-98e7-5e3aa5140a07}</UniqueIdentifier>
    </Filter>
    <Filter Include="NewEngine\Header\Object\2D">
      <UniqueIdentifier>{af739827-4b00-4818-ad5a-e73cc687b7a9}</UniqueIdentifier>
    </Filter>
    <Filter Include="NewEngine\Header\Object\Other">
      <UniqueIdentifier>{1d799c42-18cb-46b5-83c2-5b012a786d2d}</UniqueIdentifier>
    </Filter>
    <Filter Include="NewEngine\Header\Util">
      <UniqueIdentifier>{c114a9f0-fd56-40e7-9188-5a7ec45f430e}</UniqueIdentifier>
    </Filter>
    <Filter Include="NewEngine\Header\Math">
      <UniqueIdentifier>{590935c1-a828-435e-8837-a3f876a738f6}</UniqueIdentifier>
    </Filter>
    <Filter Include="NewEngine\Header\Input">
      <UniqueIdentifier>{bd90a779-2263-4b95-9523-3cf86543769f}</UniqueIdentifier>
    </Filter>
    <Filter Include="NewEngine\Header\Collision">
      <UniqueIdentifier>{83e19682-79a0-43d8-8575-d4adfaf103c0}</UniqueIdentifier>
    </Filter>
    <Filter Include="NewEngine\Header\Gui">
      <UniqueIdentifier>{5bc23d66-9f43-496b-91af-4305d090a2bd}</UniqueIdentifier>
    </Filter>
    <Filter Include="NewEngine\Header\Sound">
      <UniqueIdentifier>{924c731e-5f51-4001-a0dc-7fdcdb05bee1}</UniqueIdentifier>
    </Filter>
    <Filter Include="NewEngine\Source">
      <UniqueIdentifier>{c4bc0090-2eda-4495-888b-c14817b54d79}</UniqueIdentifier>
    </Filter>
    <Filter Include="NewEngine\Source\Render">
      <UniqueIdentifier>{0cd6b8a8-b44a-41d8-98cd-686e7f36ec4f}</UniqueIdentifier>
    </Filter>
    <Filter Include="NewEngine\Source\Render\Buffer">
      <UniqueIdentifier>{d2a9d334-35c1-4264-9900-6d58bd7e450b}</UniqueIdentifier>
    </Filter>
    <Filter Include="NewEngine\Source\Object">
      <UniqueIdentifier>{cd92289e-f889-407f-bfad-74adf7942696}</UniqueIdentifier>
    </Filter>
    <Filter Include="NewEngine\Source\Object\3D">
      <UniqueIdentifier>{a0695b39-eff6-4e74-9fc2-4b4022aa935e}</UniqueIdentifier>
    </Filter>
    <Filter Include="NewEngine\Source\Object\2D">
      <UniqueIdentifier>{58dfdb2c-2035-4a63-b87f-edadb925c616}</UniqueIdentifier>
    </Filter>
    <Filter Include="NewEngine\Source\Object\Other">
      <UniqueIdentifier>{d7b10524-188d-4511-b7e3-7bba22bb0c24}</UniqueIdentifier>
    </Filter>
    <Filter Include="NewEngine\Source\Util">
      <UniqueIdentifier>{05acc0a5-2e3c-4e6c-ae62-b2401ee4f0bb}</UniqueIdentifier>
    </Filter>
    <Filter Include="NewEngine\Source\Math">
      <UniqueIdentifier>{1372c687-48b5-4467-9b55-0b4b24d494db}</UniqueIdentifier>
    </Filter>
    <Filter Include="NewEngine\Source\Input">
      <UniqueIdentifier>{3bf80bd3-9b30-4f5b-8de2-f6e3f60626c3}</UniqueIdentifier>
    </Filter>
    <Filter Include="NewEngine\Source\Collision">
      <UniqueIdentifier>{1562e754-1226-417c-beb2-375650af80bd}</UniqueIdentifier>
    </Filter>
    <Filter Include="NewEngine\Source\Gui">
      <UniqueIdentifier>{83bfc96f-f374-408f-b1f1-74847e2cfb31}</UniqueIdentifier>
    </Filter>
    <Filter Include="NewEngine\Source\Sound">
      <UniqueIdentifier>{85d7aaa5-e8a8-4a6d-9861-cefb5831292f}</UniqueIdentifier>
    </Filter>
    <Filter Include="NewEngine\Header\Object\Other\Model">
      <UniqueIdentifier>{ddb62283-b17e-457e-b475-903e72ca8b92}</UniqueIdentifier>
    </Filter>
    <Filter Include="NewEngine\Source\Object\Other\Model">
      <UniqueIdentifier>{7c8e69d5-a283-4d47-aea3-ce1813da0e12}</UniqueIdentifier>
    </Filter>
    <Filter Include="nlohmann">
      <UniqueIdentifier>{4289d550-3e4c-461f-be76-0d871098ec96}</UniqueIdentifier>
    </Filter>
    <Filter Include="Application\Header\Motion">
      <UniqueIdentifier>{198f432a-07a7-40b2-97f8-115d759c5dd5}</UniqueIdentifier>
    </Filter>
    <Filter Include="Application\Header\Motion\Weapon">
      <UniqueIdentifier>{9d596a25-0aa2-4b97-9519-08c94b2fcd82}</UniqueIdentifier>
    </Filter>
    <Filter Include="nlohmann">
      <UniqueIdentifier>{90d0df66-bf66-4133-a379-d1d84e3ef1a6}</UniqueIdentifier>
    </Filter>
    <Filter Include="Application\Source\Body">
      <UniqueIdentifier>{c0f14d49-89be-4d22-a1e7-6e5854de34aa}</UniqueIdentifier>
    </Filter>
    <Filter Include="Application\Header\Body">
      <UniqueIdentifier>{04339e44-f388-4e66-9c70-2483adb6e65a}</UniqueIdentifier>
    </Filter>
    <Filter Include="Application\Header\Camera">
      <UniqueIdentifier>{94f089b1-a7d8-41c4-a208-ab4db7056d3d}</UniqueIdentifier>
    </Filter>
    <Filter Include="Application\Source\Camera">
      <UniqueIdentifier>{b27e49ec-07dc-4345-ab82-83feb6753eb8}</UniqueIdentifier>
    </Filter>
    <Filter Include="Application\Source\Field">
      <UniqueIdentifier>{85d50bc3-aebf-40d6-8e61-02f507c81dc0}</UniqueIdentifier>
    </Filter>
    <Filter Include="Application\Header\Field">
      <UniqueIdentifier>{26f52e60-b22b-4649-bb79-497d5bbcbda3}</UniqueIdentifier>
    </Filter>
    <Filter Include="Application\Header\Motion\Boss">
      <UniqueIdentifier>{82854429-bc3b-45c3-867e-30ea50635982}</UniqueIdentifier>
    </Filter>
    <Filter Include="Application\Header\Effect">
      <UniqueIdentifier>{c1960994-367b-4f8a-9914-a99c29738979}</UniqueIdentifier>
    </Filter>
    <Filter Include="Application\Source\Effect">
      <UniqueIdentifier>{4966c37e-d23c-4e57-b704-9638841c2c9f}</UniqueIdentifier>
    </Filter>
    <Filter Include="Application\Header\Character">
      <UniqueIdentifier>{b96ad4a7-c2af-4c38-ae40-5f6223ff1c18}</UniqueIdentifier>
    </Filter>
    <Filter Include="Application\Source\Character">
      <UniqueIdentifier>{03abe5dc-9c57-4a16-86a0-4fddd32d787c}</UniqueIdentifier>
    </Filter>
    <Filter Include="Application\Source\Menu">
      <UniqueIdentifier>{12e90a67-6dd7-4004-92d7-29a688c33550}</UniqueIdentifier>
    </Filter>
    <Filter Include="Application\Header\Menu">
      <UniqueIdentifier>{e293f399-1977-442e-815f-9586e9c468cd}</UniqueIdentifier>
    </Filter>
    <Filter Include="Shader\Application\Cloud">
      <UniqueIdentifier>{a91876c3-70eb-4c47-b383-02110c1429b2}</UniqueIdentifier>
    </Filter>
    <Filter Include="Shader\Application\RespawnPoint">
      <UniqueIdentifier>{2aeaa800-57e6-4a47-991a-d643c6a5a56c}</UniqueIdentifier>
    </Filter>
    <Filter Include="Shader\Application\RespawnPoint\Ripple">
      <UniqueIdentifier>{f9d89569-7a2b-47b7-b3f3-1145af54c6e3}</UniqueIdentifier>
    </Filter>
    <Filter Include="Shader\Application\RespawnPoint\Rhombus">
      <UniqueIdentifier>{1abab86d-546b-4066-843d-330619fd51ea}</UniqueIdentifier>
    </Filter>
    <Filter Include="Shader\Application\RespawnPoint\Transition">
      <UniqueIdentifier>{c72fd087-92e7-4d7d-afbd-8fe369dd9ef9}</UniqueIdentifier>
    </Filter>
    <Filter Include="Application\Source\ShadowMap">
      <UniqueIdentifier>{87c7ff0d-2214-4104-9e56-a045ef8fbf69}</UniqueIdentifier>
    </Filter>
    <Filter Include="Application\Header\ShadowMap">
      <UniqueIdentifier>{b27e1439-b356-4ea8-b083-b6b62298c3a9}</UniqueIdentifier>
    </Filter>
    <Filter Include="Application\Source\Transition">
      <UniqueIdentifier>{b15e3992-8aa7-46c4-9061-10e06be98a9a}</UniqueIdentifier>
    </Filter>
    <Filter Include="Application\Header\Transition">
      <UniqueIdentifier>{13c79bd5-823b-4e31-abad-6427f96d41b3}</UniqueIdentifier>
    </Filter>
    <Filter Include="Shader\Application\Branch">
      <UniqueIdentifier>{93889a9d-0237-42b8-b942-6723e5073531}</UniqueIdentifier>
    </Filter>
    <Filter Include="Shader\Application\Grass">
      <UniqueIdentifier>{956d59f5-2312-4aa5-839b-1801557317bf}</UniqueIdentifier>
    </Filter>
    <Filter Include="NewEngine\Header\Debugger">
      <UniqueIdentifier>{edb8e02b-5b82-4eee-b83f-cd23a4e96d35}</UniqueIdentifier>
    </Filter>
    <Filter Include="NewEngine\Source\Debugger">
      <UniqueIdentifier>{cb973788-dcfc-4393-b3b7-b308ef56152c}</UniqueIdentifier>
    </Filter>
    <Filter Include="Application\Header\Field\Grass">
      <UniqueIdentifier>{796449d9-75b4-489f-8fed-945b7f8f3fb0}</UniqueIdentifier>
    </Filter>
    <Filter Include="Application\Header\Motion\Player">
      <UniqueIdentifier>{1d57f7e9-95ce-47f4-8e7b-a310d7ff9a6e}</UniqueIdentifier>
    </Filter>
    <Filter Include="NewEngine\Header\Render\DescriptorHeap">
      <UniqueIdentifier>{6b0f24c7-7c65-4eb3-92a1-f267f63e696f}</UniqueIdentifier>
    </Filter>
    <Filter Include="NewEngine\Source\Render\DescriptorHeap">
      <UniqueIdentifier>{06517463-70e2-4119-b87b-9980dad25945}</UniqueIdentifier>
    </Filter>
    <Filter Include="NewEngine\Source\Render\Pipeline">
      <UniqueIdentifier>{8169adda-d233-4ce4-9024-3db8c895fa23}</UniqueIdentifier>
    </Filter>
    <Filter Include="NewEngine\Header\Render\Pipeline">
      <UniqueIdentifier>{6c0ecbe1-4d46-4067-9f3f-60015c3b5633}</UniqueIdentifier>
    </Filter>
    <Filter Include="Shader\Application\Effect">
      <UniqueIdentifier>{7db4ec5d-312e-40f4-88b3-294aaa6f4cd0}</UniqueIdentifier>
    </Filter>
    <Filter Include="Shader\Engine\Emitter">
      <UniqueIdentifier>{6fcff61c-72ea-4b74-9dda-616d4c504024}</UniqueIdentifier>
    </Filter>
    <Filter Include="Shader\Engine\CircleGaugeSprite">
      <UniqueIdentifier>{c9e0dfa7-9f8f-4446-8450-f5834c0937b9}</UniqueIdentifier>
    </Filter>
    <Filter Include="Shader\Engine\Line">
      <UniqueIdentifier>{566d5cb8-8478-49b2-bef1-9956ba34ee74}</UniqueIdentifier>
    </Filter>
    <Filter Include="Shader\Engine\ColliderObject">
      <UniqueIdentifier>{fc2711d9-6937-4628-b3d0-c43a899e1d10}</UniqueIdentifier>
    </Filter>
    <Filter Include="Shader\Engine\FbxModel">
      <UniqueIdentifier>{4fa65654-5ba3-472b-b99a-22a0e01a8556}</UniqueIdentifier>
    </Filter>
    <Filter Include="Shader\Engine\Object3D">
      <UniqueIdentifier>{eb581780-8607-4194-8186-2bc6ae32e159}</UniqueIdentifier>
    </Filter>
    <Filter Include="Shader\Engine\Sprite">
      <UniqueIdentifier>{0be0cd81-a9ac-42a9-87bb-1de3191c8cf7}</UniqueIdentifier>
    </Filter>
    <Filter Include="NewEngine\Source\Render\ShaderCompiler">
      <UniqueIdentifier>{476a86bb-2911-4c35-83df-34e09e6cec09}</UniqueIdentifier>
    </Filter>
    <Filter Include="NewEngine\Header\Render\ShaderCompiler">
      <UniqueIdentifier>{ede8b782-52bf-48fb-9310-c6ec24d25802}</UniqueIdentifier>
    </Filter>
    <Filter Include="NewEngine\Header\Render\Buffer\BufferData">
      <UniqueIdentifier>{7264da7f-75a8-4b8d-a336-4b90d5d5b07a}</UniqueIdentifier>
    </Filter>
    <Filter Include="NewEngine\Source\Object\Other\Texture">
      <UniqueIdentifier>{2014ce91-c51c-46bc-8144-dab5226ce0af}</UniqueIdentifier>
    </Filter>
    <Filter Include="NewEngine\Header\Object\Other\Texture">
      <UniqueIdentifier>{86011f1d-0db5-43b7-9e87-8e27bdc8bbec}</UniqueIdentifier>
    </Filter>
    <Filter Include="Shader\Engine\ParticleMesh">
      <UniqueIdentifier>{4908bbdd-ab21-4590-8e02-a06db5ffc383}</UniqueIdentifier>
    </Filter>
    <Filter Include="Application\Source\UI">
      <UniqueIdentifier>{fc9e7c8d-bf5e-4039-a407-8e82e96114a1}</UniqueIdentifier>
    </Filter>
    <Filter Include="Application\Header\UI">
      <UniqueIdentifier>{674e6482-16ec-4ca9-90ba-f4237ac54306}</UniqueIdentifier>
    </Filter>
    <Filter Include="Application\Source\UI\Member">
      <UniqueIdentifier>{93c16d90-802a-49e5-b95e-57062280b7ed}</UniqueIdentifier>
    </Filter>
    <Filter Include="Application\Header\UI\Member">
      <UniqueIdentifier>{103ee024-9405-4866-9ba3-583c928173b0}</UniqueIdentifier>
    </Filter>
    <Filter Include="Application\Header\Weapon">
      <UniqueIdentifier>{3e679d3f-c27c-4189-8b6a-69826956dfc1}</UniqueIdentifier>
    </Filter>
    <Filter Include="Application\Source\Weapon">
      <UniqueIdentifier>{7b2f016d-4e5c-4324-8195-ffed8019e25c}</UniqueIdentifier>
    </Filter>
    <Filter Include="Application\Source\PostEffect">
      <UniqueIdentifier>{b2eeff48-1288-4ca2-925d-7923718b908d}</UniqueIdentifier>
    </Filter>
    <Filter Include="Application\Header\PostEffect">
      <UniqueIdentifier>{d23e5dc4-a28f-4e2e-a7e8-c5bda6eb47a8}</UniqueIdentifier>
    </Filter>
    <Filter Include="Shader\Engine\PostEffect">
      <UniqueIdentifier>{8c0398ce-464f-466e-9ace-4048e9dc0cbc}</UniqueIdentifier>
    </Filter>
    <Filter Include="Shader\Application\Effect\LeadEffect">
      <UniqueIdentifier>{1cb795f1-e4bc-4d5a-afa4-c94ef0971f93}</UniqueIdentifier>
    </Filter>
    <Filter Include="Shader\Application\Effect\PlayerRecoveryEffect">
      <UniqueIdentifier>{49227445-6a34-4a20-b13c-fcc4c7bba248}</UniqueIdentifier>
    </Filter>
    <Filter Include="Shader\Application\Effect\LogoExplosionEffect">
      <UniqueIdentifier>{c4793252-73b6-434a-9faa-bff5ca7177b4}</UniqueIdentifier>
    </Filter>
    <Filter Include="Shader\Application\Effect\AirEffect">
      <UniqueIdentifier>{6115ce58-b5ab-485f-9a89-88629861c5cd}</UniqueIdentifier>
    </Filter>
    <Filter Include="Application\Source\Field\FiedlData">
      <UniqueIdentifier>{12af270a-12c9-4d54-bbb8-1811e78f1b55}</UniqueIdentifier>
    </Filter>
    <Filter Include="Application\Source\Field\FiedlObject">
      <UniqueIdentifier>{fcd631c5-c462-4e42-897d-dc1ae6508aec}</UniqueIdentifier>
    </Filter>
    <Filter Include="Application\Source\Field\FiedlObject\Grass">
      <UniqueIdentifier>{fa0aa4ee-a39f-4904-a52c-fc95561f4400}</UniqueIdentifier>
    </Filter>
    <Filter Include="Application\Header\Field\FiedlData">
      <UniqueIdentifier>{118ebf8a-6c4f-4aa9-bf51-5324071b282d}</UniqueIdentifier>
    </Filter>
    <Filter Include="Application\Header\Field\FieldObject">
      <UniqueIdentifier>{92002e78-4a58-4326-ab66-0bd15f727d68}</UniqueIdentifier>
    </Filter>
    <Filter Include="Application\Source\Motion">
      <UniqueIdentifier>{8bc7fa8f-b02b-4031-8b49-5c64eacc574f}</UniqueIdentifier>
    </Filter>
    <Filter Include="Application\Source\Motion\Boss">
      <UniqueIdentifier>{5a68237c-d556-4f69-b484-c4f556798670}</UniqueIdentifier>
    </Filter>
    <Filter Include="Application\Source\Motion\Player">
      <UniqueIdentifier>{02141294-5805-4c2e-91da-e2db5670dc91}</UniqueIdentifier>
    </Filter>
    <Filter Include="Application\Source\Motion\Weapon">
      <UniqueIdentifier>{d736aef2-4b12-4661-b374-b37a367525d6}</UniqueIdentifier>
    </Filter>
    <Filter Include="Shader\Engine\VolumetricFog">
      <UniqueIdentifier>{d21196f9-28b1-4dea-97db-276762c69927}</UniqueIdentifier>
    </Filter>
    <Filter Include="Shader\Application\Skydome">
      <UniqueIdentifier>{d7f084ad-8891-45ca-afdb-84307a697e6c}</UniqueIdentifier>
    </Filter>
    <Filter Include="NewEngine\Source\Light">
      <UniqueIdentifier>{723b8732-9770-4eb3-b3b6-b67e8efb9d57}</UniqueIdentifier>
    </Filter>
    <Filter Include="NewEngine\Header\Light">
      <UniqueIdentifier>{2e138d45-a1d0-4dde-97af-e473ac0908db}</UniqueIdentifier>
    </Filter>
    <Filter Include="Shader\Application\Trajectory">
      <UniqueIdentifier>{294d9723-96ed-456e-ae13-b168872e9d4f}</UniqueIdentifier>
    </Filter>
    <Filter Include="Shader\Application\Effect\BossAttackTrajectoryEffect">
      <UniqueIdentifier>{fcb2d8e6-45fa-452f-b67d-6127bef12656}</UniqueIdentifier>
    </Filter>
    <Filter Include="Shader\Engine\ParticleObject">
      <UniqueIdentifier>{dd7c20c1-c2b4-4c51-98b6-3bc6a20e38c3}</UniqueIdentifier>
    </Filter>
    <Filter Include="Shader\Application\PonDeRing">
      <UniqueIdentifier>{7880dd69-ece2-4e34-bfe2-4e901ce1f1b5}</UniqueIdentifier>
    </Filter>
    <Filter Include="Shader\Application\Effect\AttackExplosionEffect">
      <UniqueIdentifier>{012ba14f-1ea3-41c5-80a6-34f6087742de}</UniqueIdentifier>
    </Filter>
    <Filter Include="Shader\Application\Effect\SmokeEffect">
      <UniqueIdentifier>{2776cec2-3319-4af9-8171-4f63e792e059}</UniqueIdentifier>
    </Filter>
    <Filter Include="Shader\Application\WorldVolumetricFog">
      <UniqueIdentifier>{5d5e13c5-8e36-4257-b900-5c1ae5a2a167}</UniqueIdentifier>
    </Filter>
    <Filter Include="Shader\Application\PostEffect">
      <UniqueIdentifier>{c6dd9dc3-1f0e-46c7-ac45-5a36be7c0dc4}</UniqueIdentifier>
    </Filter>
    <Filter Include="Shader\Application\PostEffect\Composite">
      <UniqueIdentifier>{05e019e1-116d-4440-ae10-a24709307598}</UniqueIdentifier>
    </Filter>
    <Filter Include="Shader\Application\PostEffect\GaussianBlur">
      <UniqueIdentifier>{e48727b2-0d2f-400e-897c-ffcc0bb9f24a}</UniqueIdentifier>
    </Filter>
    <Filter Include="Shader\Application\PostEffect\HighLumi">
      <UniqueIdentifier>{58bf5c5e-1c46-431e-9006-44fb0dc13d76}</UniqueIdentifier>
    </Filter>
    <Filter Include="Shader\Application\PostEffect\RadialBlur">
      <UniqueIdentifier>{26d8d7a7-647c-4ac3-8041-3f48443a2dc7}</UniqueIdentifier>
    </Filter>
    <Filter Include="Shader\Application\ShaderMap">
      <UniqueIdentifier>{07f3a72f-efb1-48ef-b187-562e4f30b081}</UniqueIdentifier>
    </Filter>
    <Filter Include="Shader\Application\PostEffect\Vignette">
      <UniqueIdentifier>{8860517a-80d9-4c0a-b4a2-33dbda29c0f3}</UniqueIdentifier>
    </Filter>
  </ItemGroup>
  <ItemGroup>
    <ClCompile Include="NewEngine\Render\Buffer\IndexBuffer.cpp">
      <Filter>NewEngine\Source\Render\Buffer</Filter>
    </ClCompile>
    <ClCompile Include="NewEngine\Render\RenderBase.cpp">
      <Filter>NewEngine\Source\Render</Filter>
    </ClCompile>
    <ClCompile Include="NewEngine\Render\RenderWindow.cpp">
      <Filter>NewEngine\Source\Render</Filter>
    </ClCompile>
    <ClCompile Include="NewEngine\Render\ScissorRectangle.cpp">
      <Filter>NewEngine\Source\Render</Filter>
    </ClCompile>
    <ClCompile Include="NewEngine\Render\Viewport.cpp">
      <Filter>NewEngine\Source\Render</Filter>
    </ClCompile>
    <ClCompile Include="NewEngine\main.cpp">
      <Filter>NewEngine\Source</Filter>
    </ClCompile>
    <ClCompile Include="NewEngine\NewEngine.cpp">
      <Filter>NewEngine\Source</Filter>
    </ClCompile>
    <ClCompile Include="NewEngine\Collision\Collider.cpp">
      <Filter>NewEngine\Source\Collision</Filter>
    </ClCompile>
    <ClCompile Include="NewEngine\Collision\Collision.cpp">
      <Filter>NewEngine\Source\Collision</Filter>
    </ClCompile>
    <ClCompile Include="NewEngine\Input\InputManager.cpp">
      <Filter>NewEngine\Source\Input</Filter>
    </ClCompile>
    <ClCompile Include="NewEngine\Input\JoypadInput.cpp">
      <Filter>NewEngine\Source\Input</Filter>
    </ClCompile>
    <ClCompile Include="NewEngine\Input\KeyBoardInput.cpp">
      <Filter>NewEngine\Source\Input</Filter>
    </ClCompile>
    <ClCompile Include="NewEngine\Input\MouseInput.cpp">
      <Filter>NewEngine\Source\Input</Filter>
    </ClCompile>
    <ClCompile Include="NewEngine\Math\Mat4.cpp">
      <Filter>NewEngine\Source\Math</Filter>
    </ClCompile>
    <ClCompile Include="NewEngine\Math\MathUtil.cpp">
      <Filter>NewEngine\Source\Math</Filter>
    </ClCompile>
    <ClCompile Include="NewEngine\Math\Vec2.cpp">
      <Filter>NewEngine\Source\Math</Filter>
    </ClCompile>
    <ClCompile Include="NewEngine\Math\Vec3.cpp">
      <Filter>NewEngine\Source\Math</Filter>
    </ClCompile>
    <ClCompile Include="NewEngine\Object\2D\Sprite.cpp">
      <Filter>NewEngine\Source\Object\2D</Filter>
    </ClCompile>
    <ClCompile Include="NewEngine\Object\3D\Camera.cpp">
      <Filter>NewEngine\Source\Object\3D</Filter>
    </ClCompile>
    <ClCompile Include="NewEngine\Object\3D\Line.cpp">
      <Filter>NewEngine\Source\Object\3D</Filter>
    </ClCompile>
    <ClCompile Include="NewEngine\Object\3D\Object3D.cpp">
      <Filter>NewEngine\Source\Object\3D</Filter>
    </ClCompile>
    <ClCompile Include="NewEngine\Util\Color.cpp">
      <Filter>NewEngine\Source\Util</Filter>
    </ClCompile>
    <ClCompile Include="NewEngine\Util\FrameRate.cpp">
      <Filter>NewEngine\Source\Util</Filter>
    </ClCompile>
    <ClCompile Include="NewEngine\Util\Random.cpp">
      <Filter>NewEngine\Source\Util</Filter>
    </ClCompile>
    <ClCompile Include="NewEngine\Util\Transform.cpp">
      <Filter>NewEngine\Source\Util</Filter>
    </ClCompile>
    <ClCompile Include="NewEngine\Util\Util.cpp">
      <Filter>NewEngine\Source\Util</Filter>
    </ClCompile>
    <ClCompile Include="Application\SourceCode\Scene\GameScene.cpp">
      <Filter>Application\Source\Scene</Filter>
    </ClCompile>
    <ClCompile Include="Application\SourceCode\Scene\SceneManager.cpp">
      <Filter>Application\Source\Scene</Filter>
    </ClCompile>
    <ClCompile Include="Application\SourceCode\Scene\TitleScene.cpp">
      <Filter>Application\Source\Scene</Filter>
    </ClCompile>
    <ClCompile Include="NewEngine\Gui\GuiManager.cpp">
      <Filter>NewEngine\Source\Gui</Filter>
    </ClCompile>
    <ClCompile Include="NewEngine\Util\Easing.cpp">
      <Filter>NewEngine\Source\Util</Filter>
    </ClCompile>
    <ClCompile Include="NewEngine\Util\BezierCurve.cpp">
      <Filter>NewEngine\Source\Util</Filter>
    </ClCompile>
    <ClCompile Include="NewEngine\Util\Timer.cpp">
      <Filter>NewEngine\Source\Util</Filter>
    </ClCompile>
    <ClCompile Include="NewEngine\Math\Quaternion.cpp">
      <Filter>NewEngine\Source\Math</Filter>
    </ClCompile>
    <ClCompile Include="NewEngine\Light\LightManager.cpp">
      <Filter>NewEngine\Source\Light</Filter>
    </ClCompile>
    <ClCompile Include="NewEngine\Render\Pipeline\RootSignature.cpp">
      <Filter>NewEngine\Source\Render</Filter>
    </ClCompile>
    <ClCompile Include="NewEngine\Object\Other\Mesh.cpp">
      <Filter>NewEngine\Source\Object\Other</Filter>
    </ClCompile>
    <ClCompile Include="NewEngine\Object\Other\Material.cpp">
      <Filter>NewEngine\Source\Object\Other</Filter>
    </ClCompile>
    <ClCompile Include="NewEngine\Render\Buffer\DepthBuffer.cpp">
      <Filter>NewEngine\Source\Render\Buffer</Filter>
    </ClCompile>
    <ClCompile Include="NewEngine\Object\2D\CircleGaugeSprite.cpp">
      <Filter>NewEngine\Source\Object\2D</Filter>
    </ClCompile>
    <ClCompile Include="Application\SourceCode\LoadManager.cpp">
      <Filter>Application\Source</Filter>
    </ClCompile>
    <ClCompile Include="NewEngine\Sound\SoundManager.cpp">
      <Filter>NewEngine\Source\Sound</Filter>
    </ClCompile>
    <ClCompile Include="NewEngine\Sound\Sound.cpp">
      <Filter>NewEngine\Source\Sound</Filter>
    </ClCompile>
    <ClCompile Include="Application\SourceCode\Scene\LogoScene.cpp">
      <Filter>Application\Source\Scene</Filter>
    </ClCompile>
    <ClCompile Include="NewEngine\Object\Other\Model\ObjModel.cpp">
      <Filter>NewEngine\Source\Object\Other\Model</Filter>
    </ClCompile>
    <ClCompile Include="NewEngine\Object\Other\Model\Model.cpp">
      <Filter>NewEngine\Source\Object\Other\Model</Filter>
    </ClCompile>
    <ClCompile Include="NewEngine\Object\Other\Model\FbxModel.cpp">
      <Filter>NewEngine\Source\Object\Other\Model</Filter>
    </ClCompile>
    <ClCompile Include="Application\SourceCode\CollisionManager.cpp">
      <Filter>Application\Source</Filter>
    </ClCompile>
    <ClCompile Include="Application\SourceCode\Body\PlayerBody.cpp">
      <Filter>Application\Source\Body</Filter>
    </ClCompile>
    <ClCompile Include="Application\SourceCode\Body\HumanoidBody.cpp">
      <Filter>Application\Source\Body</Filter>
    </ClCompile>
    <ClCompile Include="Application\SourceCode\Body\BossBody.cpp">
      <Filter>Application\Source\Body</Filter>
    </ClCompile>
    <ClCompile Include="Application\SourceCode\Camera\CameraManager.cpp">
      <Filter>Application\Source\Camera</Filter>
    </ClCompile>
    <ClCompile Include="Application\SourceCode\Camera\ICamera.cpp">
      <Filter>Application\Source\Camera</Filter>
    </ClCompile>
    <ClCompile Include="Application\SourceCode\Camera\DefaultCamera.cpp">
      <Filter>Application\Source\Camera</Filter>
    </ClCompile>
    <ClCompile Include="Application\SourceCode\Camera\LockonCamera.cpp">
      <Filter>Application\Source\Camera</Filter>
    </ClCompile>
    <ClCompile Include="Application\SourceCode\Field\MessageSign.cpp">
      <Filter>Application\Source\Field</Filter>
    </ClCompile>
    <ClCompile Include="Application\SourceCode\Field\Skydome.cpp">
      <Filter>Application\Source\Field</Filter>
    </ClCompile>
    <ClCompile Include="Application\SourceCode\Field\Cloud.cpp">
      <Filter>Application\Source\Field</Filter>
    </ClCompile>
    <ClCompile Include="NewEngine\Collision\ICollider.cpp">
      <Filter>NewEngine\Source\Collision</Filter>
    </ClCompile>
    <ClCompile Include="Application\SourceCode\Effect\EffectManager.cpp">
      <Filter>Application\Source\Effect</Filter>
    </ClCompile>
    <ClCompile Include="Application\SourceCode\Effect\BloodSprayEffect.cpp">
      <Filter>Application\Source\Effect</Filter>
    </ClCompile>
    <ClCompile Include="NewEngine\Object\3D\Emitter.cpp">
      <Filter>NewEngine\Source\Object\3D</Filter>
    </ClCompile>
    <ClCompile Include="Application\SourceCode\Effect\PlayerRecoveryEffect.cpp">
      <Filter>Application\Source\Effect</Filter>
    </ClCompile>
    <ClCompile Include="Application\SourceCode\Character\Character.cpp">
      <Filter>Application\Source\Character</Filter>
    </ClCompile>
    <ClCompile Include="Application\SourceCode\Character\Player.cpp">
      <Filter>Application\Source\Character</Filter>
    </ClCompile>
    <ClCompile Include="Application\SourceCode\Character\Boss.cpp">
      <Filter>Application\Source\Character</Filter>
    </ClCompile>
    <ClCompile Include="Application\SourceCode\Menu\MenuManager.cpp">
      <Filter>Application\Source\Menu</Filter>
    </ClCompile>
    <ClCompile Include="Application\SourceCode\Menu\IMenu.cpp">
      <Filter>Application\Source\Menu</Filter>
    </ClCompile>
    <ClCompile Include="Application\SourceCode\Menu\LogoutMenu.cpp">
      <Filter>Application\Source\Menu</Filter>
    </ClCompile>
    <ClCompile Include="NewEngine\Util\RectAngle.cpp">
      <Filter>NewEngine\Source\Util</Filter>
    </ClCompile>
    <ClCompile Include="Application\SourceCode\ShadowMap\ShadowMap.cpp">
      <Filter>Application\Source\ShadowMap</Filter>
    </ClCompile>
    <ClCompile Include="Application\SourceCode\ShadowMap\ShadowObj.cpp">
      <Filter>Application\Source\ShadowMap</Filter>
    </ClCompile>
    <ClCompile Include="Application\SourceCode\Transition\RespawnTransition.cpp">
      <Filter>Application\Source\Transition</Filter>
    </ClCompile>
    <ClCompile Include="NewEngine\Collision\ColliderObject.cpp">
      <Filter>NewEngine\Source\Collision</Filter>
    </ClCompile>
    <ClCompile Include="NewEngine\Collision\ColliderDrawer.cpp">
      <Filter>NewEngine\Source\Collision</Filter>
    </ClCompile>
    <ClCompile Include="NewEngine\Collision\Grass.cpp">
      <Filter>Application\Source\Field\FiedlObject\Grass</Filter>
    </ClCompile>
    <ClCompile Include="Application\SourceCode\Field\Weed.cpp">
      <Filter>Application\Source\Field\FiedlObject\Grass</Filter>
    </ClCompile>
    <ClCompile Include="Application\SourceCode\Transition\ITransition.cpp">
      <Filter>Application\Source\Transition</Filter>
    </ClCompile>
    <ClCompile Include="Application\SourceCode\Transition\TransitionManager.cpp">
      <Filter>Application\Source\Transition</Filter>
    </ClCompile>
    <ClCompile Include="NewEngine\Debugger\DebugManager.cpp">
      <Filter>NewEngine\Source\Debugger</Filter>
    </ClCompile>
    <ClCompile Include="NewEngine\Debugger\MappingWindow.cpp">
      <Filter>NewEngine\Source\Debugger</Filter>
    </ClCompile>
    <ClCompile Include="Application\SourceCode\Transition\SceneTransition.cpp">
      <Filter>Application\Source\Transition</Filter>
    </ClCompile>
    <ClCompile Include="Application\SourceCode\Effect\LeadEffect.cpp">
      <Filter>Application\Source\Effect</Filter>
    </ClCompile>
    <ClCompile Include="NewEngine\Render\Buffer\BufferResource.cpp">
      <Filter>NewEngine\Source\Render\Buffer</Filter>
    </ClCompile>
    <ClCompile Include="NewEngine\Render\Buffer\StructuredBuffer.cpp">
      <Filter>NewEngine\Source\Render\Buffer</Filter>
    </ClCompile>
    <ClCompile Include="NewEngine\Render\DescriptorHeap\DescriptorHeap.cpp">
      <Filter>NewEngine\Source\Render\DescriptorHeap</Filter>
    </ClCompile>
    <ClCompile Include="NewEngine\Render\DescriptorHeap\DescriptorHeapManager.cpp">
      <Filter>NewEngine\Source\Render\DescriptorHeap</Filter>
    </ClCompile>
    <ClCompile Include="NewEngine\Render\Pipeline\GraphicsPipeline.cpp">
      <Filter>NewEngine\Source\Render\Pipeline</Filter>
    </ClCompile>
    <ClCompile Include="NewEngine\Render\Pipeline\PipelineManager.cpp">
      <Filter>NewEngine\Source\Render\Pipeline</Filter>
    </ClCompile>
    <ClCompile Include="NewEngine\Render\ShaderCompiler\ShaderCompiler.cpp">
      <Filter>NewEngine\Source\Render\ShaderCompiler</Filter>
    </ClCompile>
    <ClCompile Include="NewEngine\Render\ShaderCompiler\ShaderCompilerManager.cpp">
      <Filter>NewEngine\Source\Render\ShaderCompiler</Filter>
    </ClCompile>
    <ClCompile Include="NewEngine\Render\Pipeline\ComputePipeline.cpp">
      <Filter>NewEngine\Source\Render\Pipeline</Filter>
    </ClCompile>
    <ClCompile Include="Application\SourceCode\Effect\AirEffect.cpp">
      <Filter>Application\Source\Effect</Filter>
    </ClCompile>
    <ClCompile Include="Application\SourceCode\Camera\MovieCamera.cpp">
      <Filter>Application\Source\Camera</Filter>
    </ClCompile>
    <ClCompile Include="Application\SourceCode\MovieEvent.cpp">
      <Filter>Application\Source</Filter>
    </ClCompile>
    <ClCompile Include="NewEngine\Object\3D\GPUEmitter.cpp">
      <Filter>NewEngine\Source\Object\3D</Filter>
    </ClCompile>
    <ClCompile Include="Application\SourceCode\CreateManager.cpp">
      <Filter>Application\Source</Filter>
    </ClCompile>
    <ClCompile Include="NewEngine\Util\NewEngineSetting.cpp">
      <Filter>NewEngine\Source</Filter>
    </ClCompile>
    <ClCompile Include="NewEngine\Object\Other\Texture\ITexture.cpp">
      <Filter>NewEngine\Source\Object\Other\Texture</Filter>
    </ClCompile>
    <ClCompile Include="NewEngine\Object\Other\Texture\Texture.cpp">
      <Filter>NewEngine\Source\Object\Other\Texture</Filter>
    </ClCompile>
    <ClCompile Include="NewEngine\Render\Buffer\UploadBuffer.cpp">
      <Filter>NewEngine\Source\Render\Buffer</Filter>
    </ClCompile>
    <ClCompile Include="NewEngine\Object\Other\Texture\VolumeTexture.cpp">
      <Filter>NewEngine\Source\Object\Other\Texture</Filter>
    </ClCompile>
    <ClCompile Include="NewEngine\Object\2D\RenderTexture.cpp">
      <Filter>NewEngine\Source\Object\Other\Texture</Filter>
    </ClCompile>
    <ClCompile Include="NewEngine\Object\Other\Texture\DepthTexture.cpp">
      <Filter>NewEngine\Source\Object\Other\Texture</Filter>
    </ClCompile>
    <ClCompile Include="NewEngine\Render\RenderTarget.cpp">
      <Filter>NewEngine\Source\Render\Buffer</Filter>
    </ClCompile>
    <ClCompile Include="NewEngine\Object\Other\Billboard.cpp">
      <Filter>NewEngine\Source\Util</Filter>
    </ClCompile>
    <ClCompile Include="Application\SourceCode\UI\ItemBoxUIGroup.cpp">
      <Filter>Application\Source\UI</Filter>
    </ClCompile>
    <ClCompile Include="Application\SourceCode\UI\MessageUI.cpp">
      <Filter>Application\Source\UI</Filter>
    </ClCompile>
    <ClCompile Include="Application\SourceCode\UI\NegotiationUI.cpp">
      <Filter>Application\Source\UI</Filter>
    </ClCompile>
    <ClCompile Include="Application\SourceCode\UI\ResultUI.cpp">
      <Filter>Application\Source\UI</Filter>
    </ClCompile>
    <ClCompile Include="Application\SourceCode\UI\TitleUI.cpp">
      <Filter>Application\Source\UI</Filter>
    </ClCompile>
    <ClCompile Include="Application\SourceCode\UI\UIManager.cpp">
      <Filter>Application\Source\UI</Filter>
    </ClCompile>
    <ClCompile Include="Application\SourceCode\UI\GaugeUI.cpp">
      <Filter>Application\Source\UI\Member</Filter>
    </ClCompile>
    <ClCompile Include="Application\SourceCode\UI\ItemBoxUI.cpp">
      <Filter>Application\Source\UI\Member</Filter>
    </ClCompile>
    <ClCompile Include="Application\SourceCode\UI\PlayerGaugeUI.cpp">
      <Filter>Application\Source\UI</Filter>
    </ClCompile>
    <ClCompile Include="Application\SourceCode\UI\IUI.cpp">
      <Filter>Application\Source\UI</Filter>
    </ClCompile>
    <ClCompile Include="Application\SourceCode\UI\BossGaugeUI.cpp">
      <Filter>Application\Source\UI</Filter>
    </ClCompile>
    <ClCompile Include="Application\SourceCode\UI\ItemUI.cpp">
      <Filter>Application\Source\UI\Member</Filter>
    </ClCompile>
    <ClCompile Include="Application\SourceCode\Weapon\Weapon.cpp">
      <Filter>Application\Source\Weapon</Filter>
    </ClCompile>
    <ClCompile Include="Application\SourceCode\Weapon\Sword.cpp">
      <Filter>Application\Source\Weapon</Filter>
    </ClCompile>
    <ClCompile Include="Application\SourceCode\Weapon\Club.cpp">
      <Filter>Application\Source\Weapon</Filter>
    </ClCompile>
    <ClCompile Include="Application\SourceCode\PostEffect\Bloom.cpp">
      <Filter>Application\Source\PostEffect</Filter>
    </ClCompile>
    <ClCompile Include="Application\SourceCode\PostEffect\Vignette.cpp">
      <Filter>Application\Source\PostEffect</Filter>
    </ClCompile>
    <ClCompile Include="Application\SourceCode\PostEffect\PostEffectManager.cpp">
      <Filter>Application\Source\PostEffect</Filter>
    </ClCompile>
    <ClCompile Include="NewEngine\Object\2D\PostEffect.cpp">
      <Filter>NewEngine\Source\Object\2D</Filter>
    </ClCompile>
    <ClCompile Include="Application\SourceCode\Effect\IEffect.cpp">
      <Filter>Application\Source\Effect</Filter>
    </ClCompile>
    <ClCompile Include="Application\SourceCode\Motion\LogoExplosionEffect.cpp">
      <Filter>Application\Source\Effect</Filter>
    </ClCompile>
    <ClCompile Include="Application\SourceCode\Field\Field.cpp">
      <Filter>Application\Source\Field\FiedlData</Filter>
    </ClCompile>
    <ClCompile Include="Application\SourceCode\Field\FieldData.cpp">
      <Filter>Application\Source\Field\FiedlData</Filter>
    </ClCompile>
    <ClCompile Include="Application\SourceCode\Field\FieldDataManager.cpp">
      <Filter>Application\Source\Field\FiedlData</Filter>
    </ClCompile>
    <ClCompile Include="Application\SourceCode\Field\Coffin.cpp">
      <Filter>Application\Source\Field\FiedlObject</Filter>
    </ClCompile>
    <ClCompile Include="Application\SourceCode\Field\Tree.cpp">
      <Filter>Application\Source\Field\FiedlObject</Filter>
    </ClCompile>
    <ClCompile Include="Application\SourceCode\Field\RespawnPoint.cpp">
      <Filter>Application\Source\Field\FiedlObject</Filter>
    </ClCompile>
    <ClCompile Include="Application\SourceCode\Field\Wall.cpp">
      <Filter>Application\Source\Field\FiedlObject</Filter>
    </ClCompile>
    <ClCompile Include="Application\SourceCode\Field\Gate.cpp">
      <Filter>Application\Source\Field\FiedlObject</Filter>
    </ClCompile>
    <ClCompile Include="Application\SourceCode\UI\OperationUI.cpp">
      <Filter>Application\Source\UI</Filter>
    </ClCompile>
    <ClCompile Include="NewEngine\Object\Other\Model\ModelManager.cpp">
      <Filter>NewEngine\Source\Object\Other\Model</Filter>
    </ClCompile>
    <ClCompile Include="NewEngine\Object\Other\Model\AssimpLoader.cpp">
      <Filter>NewEngine\Source\Object\Other\Model</Filter>
    </ClCompile>
    <ClCompile Include="NewEngine\Object\Other\Texture\TextureAnimation.cpp">
      <Filter>NewEngine\Source\Object\Other\Texture</Filter>
    </ClCompile>
    <ClCompile Include="NewEngine\Object\Other\Texture\TextureManager.cpp">
      <Filter>NewEngine\Source\Object\Other\Texture</Filter>
    </ClCompile>
    <ClCompile Include="Application\SourceCode\Motion\BossAttack2Motion.cpp">
      <Filter>Application\Source\Motion\Boss</Filter>
    </ClCompile>
    <ClCompile Include="Application\SourceCode\Motion\BossAttack3Motion.cpp">
      <Filter>Application\Source\Motion\Boss</Filter>
    </ClCompile>
    <ClCompile Include="Application\SourceCode\Motion\BackstepMotion.cpp">
      <Filter>Application\Source\Motion\Player</Filter>
    </ClCompile>
    <ClCompile Include="Application\SourceCode\UI\CameraTargetUI.cpp">
      <Filter>Application\Source\UI</Filter>
    </ClCompile>
    <ClCompile Include="Application\SourceCode\Motion\DrinkMotion.cpp">
      <Filter>Application\Source\Motion\Player</Filter>
    </ClCompile>
    <ClCompile Include="Application\SourceCode\Motion\MoveMotion.cpp">
      <Filter>Application\Source\Motion\Player</Filter>
    </ClCompile>
    <ClCompile Include="Application\SourceCode\Motion\OpenGateMotion.cpp">
      <Filter>Application\Source\Motion\Player</Filter>
    </ClCompile>
    <ClCompile Include="Application\SourceCode\Motion\RollMotion.cpp">
      <Filter>Application\Source\Motion\Player</Filter>
    </ClCompile>
    <ClCompile Include="Application\SourceCode\Motion\IWeaponMotion.cpp">
      <Filter>Application\Source\Motion\Weapon</Filter>
    </ClCompile>
    <ClCompile Include="Application\SourceCode\Motion\MalletMotion.cpp">
      <Filter>Application\Source\Motion\Weapon</Filter>
    </ClCompile>
    <ClCompile Include="Application\SourceCode\Motion\IMotion.cpp">
      <Filter>Application\Source\Motion</Filter>
    </ClCompile>
    <ClCompile Include="Application\SourceCode\Motion\MotionManager.cpp">
      <Filter>Application\Source\Motion</Filter>
    </ClCompile>
    <ClCompile Include="NewEngine\Object\3D\ParticleParam.cpp">
      <Filter>NewEngine\Source\Object\Other</Filter>
    </ClCompile>
    <ClCompile Include="Application\SourceCode\GaugeParam.cpp">
      <Filter>Application\Source\UI\Member</Filter>
    </ClCompile>
    <ClCompile Include="NewEngine\Object\3D\VolumetricFog.cpp">
      <Filter>NewEngine\Source\Object\3D</Filter>
    </ClCompile>
    <ClCompile Include="Application\SourceCode\Field\SkyIsland.cpp">
      <Filter>Application\Source\Field\FiedlObject</Filter>
    </ClCompile>
    <ClCompile Include="NewEngine\Light\PointLight.cpp">
      <Filter>NewEngine\Source\Light</Filter>
    </ClCompile>
    <ClCompile Include="NewEngine\Light\DirectionalLight.cpp">
      <Filter>NewEngine\Source\Light</Filter>
    </ClCompile>
    <ClCompile Include="NewEngine\Light\ILight.cpp">
      <Filter>NewEngine\Source\Light</Filter>
    </ClCompile>
    <ClCompile Include="Application\SourceCode\Trajectory.cpp">
      <Filter>Application\Source</Filter>
    </ClCompile>
    <ClCompile Include="Application\SourceCode\Effect\BossAttackTrajectoryEffect.cpp">
      <Filter>Application\Source\Effect</Filter>
    </ClCompile>
    <ClCompile Include="NewEngine\Object\3D\ParticleObject.cpp">
      <Filter>NewEngine\Source\Object\3D</Filter>
    </ClCompile>
    <ClCompile Include="NewEngine\Object\3D\ParticleMesh.cpp">
      <Filter>NewEngine\Source\Object\3D</Filter>
    </ClCompile>
    <ClCompile Include="Application\SourceCode\Field\Sun.cpp">
      <Filter>Application\Source\Field\FiedlObject</Filter>
    </ClCompile>
    <ClCompile Include="NewEngine\Light\SpotLight.cpp">
      <Filter>NewEngine\Source\Light</Filter>
    </ClCompile>
    <ClCompile Include="Application\SourceCode\Effect\AttackExplosionEffect.cpp">
      <Filter>Application\Source\Effect</Filter>
    </ClCompile>
    <ClCompile Include="NewEngine\stdafx.cpp">
      <Filter>NewEngine\Source</Filter>
    </ClCompile>
    <ClCompile Include="Application\SourceCode\Effect\SmokeEffect.cpp">
      <Filter>Application\Source\Effect</Filter>
    </ClCompile>
    <ClCompile Include="Application\SourceCode\Field\AirCollider.cpp">
      <Filter>Uncategorized\Source</Filter>
    </ClCompile>
    <ClCompile Include="NewEngine\Debugger\RendererWindow.cpp">
      <Filter>NewEngine\Source\Debugger</Filter>
    </ClCompile>
    <ClCompile Include="NewEngine\Render\Renderer.cpp">
      <Filter>NewEngine\Source\Render</Filter>
    </ClCompile>
    <ClCompile Include="NewEngine\Util\Layer.cpp">
      <Filter>NewEngine\Source\Render</Filter>
    </ClCompile>
    <ClCompile Include="Application\SourceCode\PostEffect\RadialBlur.cpp">
      <Filter>Application\Source\PostEffect</Filter>
    </ClCompile>
    <ClCompile Include="Application\SourceCode\Scene\IScene.cpp">
      <Filter>Uncategorized\Source</Filter>
    </ClCompile>
  </ItemGroup>
  <ItemGroup>
    <ClInclude Include="NewEngine\Render\Buffer\ConstantBuffer.h">
      <Filter>NewEngine\Header\Render\Buffer</Filter>
    </ClInclude>
    <ClInclude Include="NewEngine\Render\Buffer\IndexBuffer.h">
      <Filter>NewEngine\Header\Render\Buffer</Filter>
    </ClInclude>
    <ClInclude Include="NewEngine\Render\Buffer\VertexBuffer.h">
      <Filter>NewEngine\Header\Render\Buffer</Filter>
    </ClInclude>
    <ClInclude Include="NewEngine\Render\RenderWindow.h">
      <Filter>NewEngine\Header\Render</Filter>
    </ClInclude>
    <ClInclude Include="NewEngine\Render\ScissorRectangle.h">
      <Filter>NewEngine\Header\Render</Filter>
    </ClInclude>
    <ClInclude Include="NewEngine\Render\Viewport.h">
      <Filter>NewEngine\Header\Render</Filter>
    </ClInclude>
    <ClInclude Include="NewEngine\NewEngine.h">
      <Filter>NewEngine\Header</Filter>
    </ClInclude>
    <ClInclude Include="NewEngine\Collision\Collider.h">
      <Filter>NewEngine\Header\Collision</Filter>
    </ClInclude>
    <ClInclude Include="NewEngine\Collision\Collision.h">
      <Filter>NewEngine\Header\Collision</Filter>
    </ClInclude>
    <ClInclude Include="NewEngine\Input\InputManager.h">
      <Filter>NewEngine\Header\Input</Filter>
    </ClInclude>
    <ClInclude Include="NewEngine\Input\JoypadInput.h">
      <Filter>NewEngine\Header\Input</Filter>
    </ClInclude>
    <ClInclude Include="NewEngine\Input\KeyBoardInput.h">
      <Filter>NewEngine\Header\Input</Filter>
    </ClInclude>
    <ClInclude Include="NewEngine\Input\MouseInput.h">
      <Filter>NewEngine\Header\Input</Filter>
    </ClInclude>
    <ClInclude Include="NewEngine\Math\Mat4.h">
      <Filter>NewEngine\Header\Math</Filter>
    </ClInclude>
    <ClInclude Include="NewEngine\Math\MathUtil.h">
      <Filter>NewEngine\Header\Math</Filter>
    </ClInclude>
    <ClInclude Include="NewEngine\Math\Vec2.h">
      <Filter>NewEngine\Header\Math</Filter>
    </ClInclude>
    <ClInclude Include="NewEngine\Math\Vec3.h">
      <Filter>NewEngine\Header\Math</Filter>
    </ClInclude>
    <ClInclude Include="NewEngine\Object\2D\Sprite.h">
      <Filter>NewEngine\Header\Object\2D</Filter>
    </ClInclude>
    <ClInclude Include="NewEngine\Object\3D\Camera.h">
      <Filter>NewEngine\Header\Object\3D</Filter>
    </ClInclude>
    <ClInclude Include="NewEngine\Object\3D\Line.h">
      <Filter>NewEngine\Header\Object\3D</Filter>
    </ClInclude>
    <ClInclude Include="NewEngine\Object\3D\Object3D.h">
      <Filter>NewEngine\Header\Object\3D</Filter>
    </ClInclude>
    <ClInclude Include="NewEngine\Util\Color.h">
      <Filter>NewEngine\Header\Util</Filter>
    </ClInclude>
    <ClInclude Include="NewEngine\Util\FrameRate.h">
      <Filter>NewEngine\Header\Util</Filter>
    </ClInclude>
    <ClInclude Include="NewEngine\Util\Random.h">
      <Filter>NewEngine\Header\Util</Filter>
    </ClInclude>
    <ClInclude Include="NewEngine\Util\Singleton.h">
      <Filter>NewEngine\Header\Util</Filter>
    </ClInclude>
    <ClInclude Include="NewEngine\Util\Transform.h">
      <Filter>NewEngine\Header\Util</Filter>
    </ClInclude>
    <ClInclude Include="NewEngine\Util\Util.h">
      <Filter>NewEngine\Header\Util</Filter>
    </ClInclude>
    <ClInclude Include="Application\SourceCode\Scene\GameScene.h">
      <Filter>Application\Header\Scene</Filter>
    </ClInclude>
    <ClInclude Include="Application\SourceCode\Scene\IScene.h">
      <Filter>Application\Header\Scene</Filter>
    </ClInclude>
    <ClInclude Include="Application\SourceCode\Scene\SceneManager.h">
      <Filter>Application\Header\Scene</Filter>
    </ClInclude>
    <ClInclude Include="Application\SourceCode\Scene\TitleScene.h">
      <Filter>Application\Header\Scene</Filter>
    </ClInclude>
    <ClInclude Include="NewEngine\Gui\GuiManager.h">
      <Filter>NewEngine\Header\Gui</Filter>
    </ClInclude>
    <ClInclude Include="NewEngine\Util\Easing.h">
      <Filter>NewEngine\Header\Util</Filter>
    </ClInclude>
    <ClInclude Include="NewEngine\Util\BezierCurve.h">
      <Filter>NewEngine\Header\Util</Filter>
    </ClInclude>
    <ClInclude Include="NewEngine\Util\Timer.h">
      <Filter>NewEngine\Header\Util</Filter>
    </ClInclude>
    <ClInclude Include="NewEngine\Math\Quaternion.h">
      <Filter>NewEngine\Header\Math</Filter>
    </ClInclude>
    <ClInclude Include="NewEngine\Light\LightManager.h">
      <Filter>NewEngine\Header\Light</Filter>
    </ClInclude>
    <ClInclude Include="NewEngine\Render\Pipeline\RootSignature.h">
      <Filter>NewEngine\Header\Render</Filter>
    </ClInclude>
    <ClInclude Include="NewEngine\Object\Other\Mesh.h">
      <Filter>NewEngine\Header\Object\Other</Filter>
    </ClInclude>
    <ClInclude Include="NewEngine\Object\Other\Material.h">
      <Filter>NewEngine\Header\Object\Other</Filter>
    </ClInclude>
    <ClInclude Include="Application\SourceCode\LoadManager.h">
      <Filter>Application\Header</Filter>
    </ClInclude>
    <ClInclude Include="NewEngine\Render\Buffer\DepthBuffer.h">
      <Filter>NewEngine\Header\Render\Buffer</Filter>
    </ClInclude>
    <ClInclude Include="NewEngine\Object\2D\CircleGaugeSprite.h">
      <Filter>NewEngine\Header\Object\2D</Filter>
    </ClInclude>
    <ClInclude Include="NewEngine\Sound\SoundManager.h">
      <Filter>NewEngine\Header\Sound</Filter>
    </ClInclude>
    <ClInclude Include="NewEngine\Sound\Sound.h">
      <Filter>NewEngine\Header\Sound</Filter>
    </ClInclude>
    <ClInclude Include="NewEngine\Render\RenderTarget.h">
      <Filter>NewEngine\Header\Render\Buffer</Filter>
    </ClInclude>
    <ClInclude Include="NewEngine\Render\RenderBase.h">
      <Filter>NewEngine\Header\Render</Filter>
    </ClInclude>
    <ClInclude Include="Application\SourceCode\Scene\LogoScene.h">
      <Filter>Application\Header\Scene</Filter>
    </ClInclude>
    <ClInclude Include="NewEngine\Sound\WaveSound.h">
      <Filter>NewEngine\Header\Sound</Filter>
    </ClInclude>
    <ClInclude Include="NewEngine\Object\Other\MaterialColor.h">
      <Filter>NewEngine\Header\Object\Other</Filter>
    </ClInclude>
    <ClInclude Include="NewEngine\Object\Other\Model\Model.h">
      <Filter>NewEngine\Header\Object\Other\Model</Filter>
    </ClInclude>
    <ClInclude Include="NewEngine\Object\Other\Model\ObjModel.h">
      <Filter>NewEngine\Header\Object\Other\Model</Filter>
    </ClInclude>
    <ClInclude Include="NewEngine\Object\Other\Model\FbxModel.h">
      <Filter>NewEngine\Header\Object\Other\Model</Filter>
    </ClInclude>
    <ClInclude Include="Application\SourceCode\CollisionManager.h">
      <Filter>Application\Header</Filter>
    </ClInclude>
    <ClInclude Include="Application\SourceCode\Motion\IWeaponMotion.h">
      <Filter>Application\Header\Motion\Weapon</Filter>
    </ClInclude>
    <ClInclude Include="Application\SourceCode\Motion\MalletMotion.h">
      <Filter>Application\Header\Motion\Weapon</Filter>
    </ClInclude>
    <ClInclude Include="Application\SourceCode\Motion\BackstepMotion.h">
      <Filter>Application\Header\Motion\Player</Filter>
    </ClInclude>
    <ClInclude Include="Application\SourceCode\Motion\MoveMotion.h">
      <Filter>Application\Header\Motion\Player</Filter>
    </ClInclude>
    <ClInclude Include="Application\SourceCode\Motion\RollMotion.h">
      <Filter>Application\Header\Motion\Player</Filter>
    </ClInclude>
    <ClInclude Include="..\..\1.School\3.3年前期\TL1\CG5_Task01\Project\External\nlohmann\json.hpp">
      <Filter>nlohmann</Filter>
    </ClInclude>
    <ClInclude Include="Application\SourceCode\Body\HumanoidBody.h">
      <Filter>Application\Header\Body</Filter>
    </ClInclude>
    <ClInclude Include="Application\SourceCode\Body\PlayerBody.h">
      <Filter>Application\Header\Body</Filter>
    </ClInclude>
    <ClInclude Include="Application\SourceCode\Body\BossBody.h">
      <Filter>Application\Header\Body</Filter>
    </ClInclude>
    <ClInclude Include="Application\SourceCode\Camera\CameraManager.h">
      <Filter>Application\Header\Camera</Filter>
    </ClInclude>
    <ClInclude Include="Application\SourceCode\Camera\ICamera.h">
      <Filter>Application\Header\Camera</Filter>
    </ClInclude>
    <ClInclude Include="Application\SourceCode\Camera\DefaultCamera.h">
      <Filter>Application\Header\Camera</Filter>
    </ClInclude>
    <ClInclude Include="Application\SourceCode\Camera\LockonCamera.h">
      <Filter>Application\Header\Camera</Filter>
    </ClInclude>
    <ClInclude Include="Application\SourceCode\Field\MessageSign.h">
      <Filter>Application\Header\Field</Filter>
    </ClInclude>
    <ClInclude Include="Application\SourceCode\Field\Skydome.h">
      <Filter>Application\Header\Field</Filter>
    </ClInclude>
    <ClInclude Include="Application\SourceCode\Field\Cloud.h">
      <Filter>Application\Header\Field</Filter>
    </ClInclude>
    <ClInclude Include="NewEngine\Collision\ICollider.h">
      <Filter>NewEngine\Header\Collision</Filter>
    </ClInclude>
    <ClInclude Include="Application\SourceCode\Motion\MotionManager.h">
      <Filter>Application\Header\Motion</Filter>
    </ClInclude>
    <ClInclude Include="Application\SourceCode\Motion\BossAttack2Motion.h">
      <Filter>Application\Header\Motion\Boss</Filter>
    </ClInclude>
    <ClInclude Include="Application\SourceCode\Motion\IMotion.h">
      <Filter>Application\Header\Motion</Filter>
    </ClInclude>
    <ClInclude Include="Application\SourceCode\Motion\BossAttack3Motion.h">
      <Filter>Application\Header\Motion\Boss</Filter>
    </ClInclude>
    <ClInclude Include="Application\SourceCode\Motion\DrinkMotion.h">
      <Filter>Application\Header\Motion\Player</Filter>
    </ClInclude>
    <ClInclude Include="Application\SourceCode\Effect\BloodSprayEffect.h">
      <Filter>Application\Header\Effect</Filter>
    </ClInclude>
    <ClInclude Include="Application\SourceCode\Effect\EffectManager.h">
      <Filter>Application\Header\Effect</Filter>
    </ClInclude>
    <ClInclude Include="NewEngine\Object\3D\Emitter.h">
      <Filter>NewEngine\Header\Object\3D</Filter>
    </ClInclude>
    <ClInclude Include="Application\SourceCode\Effect\PlayerRecoveryEffect.h">
      <Filter>Application\Header\Effect</Filter>
    </ClInclude>
    <ClInclude Include="Application\SourceCode\Character\Boss.h">
      <Filter>Application\Header\Character</Filter>
    </ClInclude>
    <ClInclude Include="Application\SourceCode\Character\Player.h">
      <Filter>Application\Header\Character</Filter>
    </ClInclude>
    <ClInclude Include="Application\SourceCode\Character\Character.h">
      <Filter>Application\Header\Character</Filter>
    </ClInclude>
    <ClInclude Include="Application\SourceCode\Menu\MenuManager.h">
      <Filter>Application\Header\Menu</Filter>
    </ClInclude>
    <ClInclude Include="Application\SourceCode\Menu\IMenu.h">
      <Filter>Application\Header\Menu</Filter>
    </ClInclude>
    <ClInclude Include="Application\SourceCode\Menu\LogoutMenu.h">
      <Filter>Application\Header\Menu</Filter>
    </ClInclude>
    <ClInclude Include="NewEngine\Util\RectAngle.h">
      <Filter>NewEngine\Header\Util</Filter>
    </ClInclude>
    <ClInclude Include="Application\SourceCode\ShadowMap\ShadowMap.h">
      <Filter>Application\Header\ShadowMap</Filter>
    </ClInclude>
    <ClInclude Include="Application\SourceCode\ShadowMap\ShadowObj.h">
      <Filter>Application\Header\ShadowMap</Filter>
    </ClInclude>
    <ClInclude Include="Application\SourceCode\Transition\RespawnTransition.h">
      <Filter>Application\Header\Transition</Filter>
    </ClInclude>
    <ClInclude Include="NewEngine\Collision\ColliderDrawer.h">
      <Filter>NewEngine\Header\Collision</Filter>
    </ClInclude>
    <ClInclude Include="NewEngine\Collision\ColliderObject.h">
      <Filter>NewEngine\Header\Collision</Filter>
    </ClInclude>
    <ClInclude Include="NewEngine\Collision\Grass.h">
      <Filter>Application\Header\Field\Grass</Filter>
    </ClInclude>
    <ClInclude Include="Application\SourceCode\Field\Weed.h">
      <Filter>Application\Header\Field\Grass</Filter>
    </ClInclude>
    <ClInclude Include="Application\SourceCode\Transition\ITransition.h">
      <Filter>Application\Header\Transition</Filter>
    </ClInclude>
    <ClInclude Include="Application\SourceCode\Transition\TransitionManager.h">
      <Filter>Application\Header\Transition</Filter>
    </ClInclude>
    <ClInclude Include="NewEngine\Debugger\DebugManager.h">
      <Filter>NewEngine\Header\Debugger</Filter>
    </ClInclude>
    <ClInclude Include="NewEngine\Debugger\MappingWindow.h">
      <Filter>NewEngine\Header\Debugger</Filter>
    </ClInclude>
    <ClInclude Include="Application\SourceCode\Motion\OpenGateMotion.h">
      <Filter>Application\Header\Motion\Player</Filter>
    </ClInclude>
    <ClInclude Include="Application\SourceCode\Transition\SceneTransition.h">
      <Filter>Application\Header\Transition</Filter>
    </ClInclude>
    <ClInclude Include="Application\SourceCode\Effect\LeadEffect.h">
      <Filter>Application\Header\Effect</Filter>
    </ClInclude>
    <ClInclude Include="NewEngine\Render\Buffer\BufferResource.h">
      <Filter>NewEngine\Header\Render\Buffer</Filter>
    </ClInclude>
    <ClInclude Include="NewEngine\Render\Buffer\IConstantBuffer.h">
      <Filter>NewEngine\Header\Render\Buffer</Filter>
    </ClInclude>
    <ClInclude Include="NewEngine\Render\Buffer\StructuredBuffer.h">
      <Filter>NewEngine\Header\Render\Buffer</Filter>
    </ClInclude>
    <ClInclude Include="NewEngine\Render\DescriptorHeap\DescriptorHeap.h">
      <Filter>NewEngine\Header\Render\DescriptorHeap</Filter>
    </ClInclude>
    <ClInclude Include="NewEngine\Render\DescriptorHeap\DescriptorHeapManager.h">
      <Filter>NewEngine\Header\Render\DescriptorHeap</Filter>
    </ClInclude>
    <ClInclude Include="NewEngine\Render\Pipeline\PipelineManager.h">
      <Filter>NewEngine\Header\Render\Pipeline</Filter>
    </ClInclude>
    <ClInclude Include="NewEngine\Render\Pipeline\GraphicsPipeline.h">
      <Filter>NewEngine\Header\Render\Pipeline</Filter>
    </ClInclude>
    <ClInclude Include="NewEngine\Render\ShaderCompiler\ShaderCompiler.h">
      <Filter>NewEngine\Header\Render\ShaderCompiler</Filter>
    </ClInclude>
    <ClInclude Include="NewEngine\Render\ShaderCompiler\ShaderCompilerManager.h">
      <Filter>NewEngine\Header\Render\ShaderCompiler</Filter>
    </ClInclude>
    <ClInclude Include="NewEngine\Render\Pipeline\ComputePipeline.h">
      <Filter>NewEngine\Header\Render\Pipeline</Filter>
    </ClInclude>
    <ClInclude Include="Application\SourceCode\Effect\AirEffect.h">
      <Filter>Application\Header\Effect</Filter>
    </ClInclude>
    <ClInclude Include="Application\SourceCode\Camera\MovieCamera.h">
      <Filter>Application\Header\Camera</Filter>
    </ClInclude>
    <ClInclude Include="Application\SourceCode\MovieEvent.h">
      <Filter>Application\Header</Filter>
    </ClInclude>
    <ClInclude Include="NewEngine\Object\3D\GPUEmitter.h">
      <Filter>NewEngine\Header\Object\3D</Filter>
    </ClInclude>
    <ClInclude Include="NewEngine\NewEngineDefine.h">
      <Filter>NewEngine\Header</Filter>
    </ClInclude>
    <ClInclude Include="Application\SourceCode\CreateManager.h">
      <Filter>Application\Header</Filter>
    </ClInclude>
    <ClInclude Include="NewEngine\Util\NewEngineSetting.h">
      <Filter>NewEngine\Header</Filter>
    </ClInclude>
    <ClInclude Include="NewEngine\Util\NewEngineEnum.h">
      <Filter>NewEngine\Header</Filter>
    </ClInclude>
    <ClInclude Include="NewEngine\Render\Buffer\ConstantBufferData.h">
      <Filter>NewEngine\Header\Render\Buffer\BufferData</Filter>
    </ClInclude>
    <ClInclude Include="NewEngine\Render\VertexBufferData.h">
      <Filter>NewEngine\Header\Render\Buffer\BufferData</Filter>
    </ClInclude>
    <ClInclude Include="NewEngine\Render\Buffer\StructuredBufferData.h">
      <Filter>NewEngine\Header\Render\Buffer\BufferData</Filter>
    </ClInclude>
    <ClInclude Include="NewEngine\Object\Other\Texture\ITexture.h">
      <Filter>NewEngine\Header\Object\Other\Texture</Filter>
    </ClInclude>
    <ClInclude Include="NewEngine\Render\Buffer\UploadBuffer.h">
      <Filter>NewEngine\Header\Render\Buffer</Filter>
    </ClInclude>
    <ClInclude Include="NewEngine\Object\Other\Texture\VolumeTexture.h">
      <Filter>NewEngine\Header\Object\Other\Texture</Filter>
    </ClInclude>
    <ClInclude Include="NewEngine\Object\Other\Texture\Texture.h">
      <Filter>NewEngine\Header\Object\Other\Texture</Filter>
    </ClInclude>
    <ClInclude Include="NewEngine\Object\Other\Texture\DepthTexture.h">
      <Filter>NewEngine\Header\Object\Other\Texture</Filter>
    </ClInclude>
    <ClInclude Include="NewEngine\Object\2D\RenderTexture.h">
      <Filter>NewEngine\Header\Object\Other\Texture</Filter>
    </ClInclude>
    <ClInclude Include="NewEngine\Object\Other\Billboard.h">
      <Filter>NewEngine\Header\Util</Filter>
    </ClInclude>
    <ClInclude Include="Application\SourceCode\UI\ItemBoxUIGroup.h">
      <Filter>Application\Header\UI</Filter>
    </ClInclude>
    <ClInclude Include="Application\SourceCode\UI\MessageUI.h">
      <Filter>Application\Header\UI</Filter>
    </ClInclude>
    <ClInclude Include="Application\SourceCode\UI\NegotiationUI.h">
      <Filter>Application\Header\UI</Filter>
    </ClInclude>
    <ClInclude Include="Application\SourceCode\UI\ResultUI.h">
      <Filter>Application\Header\UI</Filter>
    </ClInclude>
    <ClInclude Include="Application\SourceCode\UI\TitleUI.h">
      <Filter>Application\Header\UI</Filter>
    </ClInclude>
    <ClInclude Include="Application\SourceCode\UI\UIManager.h">
      <Filter>Application\Header\UI</Filter>
    </ClInclude>
    <ClInclude Include="Application\SourceCode\UI\IUI.h">
      <Filter>Application\Header\UI</Filter>
    </ClInclude>
    <ClInclude Include="Application\SourceCode\UI\PlayerGaugeUI.h">
      <Filter>Application\Header\UI</Filter>
    </ClInclude>
    <ClInclude Include="Application\SourceCode\UI\BossGaugeUI.h">
      <Filter>Application\Header\UI</Filter>
    </ClInclude>
    <ClInclude Include="Application\SourceCode\UI\GaugeUI.h">
      <Filter>Application\Header\UI\Member</Filter>
    </ClInclude>
    <ClInclude Include="Application\SourceCode\UI\ItemBoxUI.h">
      <Filter>Application\Header\UI\Member</Filter>
    </ClInclude>
    <ClInclude Include="Application\SourceCode\Weapon\Club.h">
      <Filter>Application\Header\Weapon</Filter>
    </ClInclude>
    <ClInclude Include="Application\SourceCode\Weapon\Sword.h">
      <Filter>Application\Header\Weapon</Filter>
    </ClInclude>
    <ClInclude Include="Application\SourceCode\Weapon\Weapon.h">
      <Filter>Application\Header\Weapon</Filter>
    </ClInclude>
    <ClInclude Include="Application\SourceCode\PostEffect\Bloom.h">
      <Filter>Application\Header\PostEffect</Filter>
    </ClInclude>
    <ClInclude Include="Application\SourceCode\PostEffect\Vignette.h">
      <Filter>Application\Header\PostEffect</Filter>
    </ClInclude>
    <ClInclude Include="Application\SourceCode\PostEffect\PostEffectManager.h">
      <Filter>Application\Header\PostEffect</Filter>
    </ClInclude>
    <ClInclude Include="Application\SourceCode\Motion\LogoExplosionEffect.h">
      <Filter>Application\Header\Effect</Filter>
    </ClInclude>
    <ClInclude Include="Application\SourceCode\Effect\IEffect.h">
      <Filter>Application\Header\Effect</Filter>
    </ClInclude>
    <ClInclude Include="Application\SourceCode\Field\Field.h">
      <Filter>Application\Header\Field\FiedlData</Filter>
    </ClInclude>
    <ClInclude Include="Application\SourceCode\Field\FieldData.h">
      <Filter>Application\Header\Field\FiedlData</Filter>
    </ClInclude>
    <ClInclude Include="Application\SourceCode\Field\FieldDataManager.h">
      <Filter>Application\Header\Field\FiedlData</Filter>
    </ClInclude>
    <ClInclude Include="Application\SourceCode\Field\Coffin.h">
      <Filter>Application\Header\Field\FieldObject</Filter>
    </ClInclude>
    <ClInclude Include="Application\SourceCode\Field\Gate.h">
      <Filter>Application\Header\Field\FieldObject</Filter>
    </ClInclude>
    <ClInclude Include="Application\SourceCode\Field\RespawnPoint.h">
      <Filter>Application\Header\Field\FieldObject</Filter>
    </ClInclude>
    <ClInclude Include="Application\SourceCode\Field\Tree.h">
      <Filter>Application\Header\Field\FieldObject</Filter>
    </ClInclude>
    <ClInclude Include="Application\SourceCode\Field\Wall.h">
      <Filter>Application\Header\Field\FieldObject</Filter>
    </ClInclude>
    <ClInclude Include="Application\SourceCode\UI\OperationUI.h">
      <Filter>Application\Header\UI</Filter>
    </ClInclude>
    <ClInclude Include="Application\SourceCode\UI\ItemUI.h">
      <Filter>Application\Header\UI\Member</Filter>
    </ClInclude>
    <ClInclude Include="NewEngine\Object\Other\Texture\TextureManager.h">
      <Filter>NewEngine\Header\Object\Other\Texture</Filter>
    </ClInclude>
    <ClInclude Include="NewEngine\Object\Other\Texture\TextureAnimation.h">
      <Filter>NewEngine\Header\Object\Other\Texture</Filter>
    </ClInclude>
    <ClInclude Include="NewEngine\Object\Other\Model\AssimpLoader.h">
      <Filter>NewEngine\Header\Object\Other\Model</Filter>
    </ClInclude>
    <ClInclude Include="NewEngine\Object\Other\Model\ModelManager.h">
      <Filter>NewEngine\Header\Object\Other\Model</Filter>
    </ClInclude>
    <ClInclude Include="Application\SourceCode\UI\CameraTargetUI.h">
      <Filter>Application\Header\UI</Filter>
    </ClInclude>
    <ClInclude Include="NewEngine\Object\3D\ParticleParam.h">
      <Filter>NewEngine\Header\Object\Other</Filter>
    </ClInclude>
    <ClInclude Include="NewEngine\Object\2D\PostEffect.h">
      <Filter>NewEngine\Header\Object\2D</Filter>
    </ClInclude>
    <ClInclude Include="Application\SourceCode\GaugeType.h">
      <Filter>Application\Header\UI\Member</Filter>
    </ClInclude>
    <ClInclude Include="Application\SourceCode\GaugeParam.h">
      <Filter>Application\Header\UI\Member</Filter>
    </ClInclude>
    <ClInclude Include="NewEngine\Object\3D\VolumetricFog.h">
      <Filter>NewEngine\Header\Object\3D</Filter>
    </ClInclude>
    <ClInclude Include="Application\SourceCode\Field\SkyIsland.h">
      <Filter>Application\Header\Field\FieldObject</Filter>
    </ClInclude>
    <ClInclude Include="NewEngine\Light\PointLight.h">
      <Filter>NewEngine\Header\Light</Filter>
    </ClInclude>
    <ClInclude Include="NewEngine\Light\DirectionalLight.h">
      <Filter>NewEngine\Header\Light</Filter>
    </ClInclude>
    <ClInclude Include="NewEngine\Light\ILight.h">
      <Filter>NewEngine\Header\Light</Filter>
    </ClInclude>
    <ClInclude Include="Application\SourceCode\Trajectory.h">
      <Filter>Application\Header</Filter>
    </ClInclude>
    <ClInclude Include="Application\SourceCode\Effect\BossAttackTrajectoryEffect.h">
      <Filter>Application\Header\Effect</Filter>
    </ClInclude>
    <ClInclude Include="NewEngine\Object\3D\ParticleObject.h">
      <Filter>NewEngine\Header\Object\3D</Filter>
    </ClInclude>
    <ClInclude Include="NewEngine\Object\3D\ParticleMesh.h">
      <Filter>NewEngine\Header\Object\3D</Filter>
    </ClInclude>
    <ClInclude Include="Application\SourceCode\Field\Sun.h">
      <Filter>Application\Header\Field\FieldObject</Filter>
    </ClInclude>
    <ClInclude Include="NewEngine\Light\SpotLight.h">
      <Filter>NewEngine\Header\Light</Filter>
    </ClInclude>
    <ClInclude Include="Application\SourceCode\Effect\AttackExplosionEffect.h">
      <Filter>Application\Header\Effect</Filter>
    </ClInclude>
    <ClInclude Include="NewEngine\stdafx.h">
      <Filter>NewEngine\Header</Filter>
    </ClInclude>
    <ClInclude Include="Application\SourceCode\Effect\SmokeEffect.h">
      <Filter>Application\Header\Effect</Filter>
    </ClInclude>
    <ClInclude Include="Application\SourceCode\Field\AirCollider.h">
      <Filter>Uncategorized\Header</Filter>
    </ClInclude>
    <ClInclude Include="NewEngine\Debugger\RendererWindow.h">
      <Filter>NewEngine\Header\Debugger</Filter>
    </ClInclude>
    <ClInclude Include="NewEngine\Render\Renderer.h">
      <Filter>NewEngine\Header\Render</Filter>
    </ClInclude>
    <ClInclude Include="NewEngine\Util\Layer.h">
      <Filter>NewEngine\Header\Util</Filter>
    </ClInclude>
    <ClInclude Include="Application\SourceCode\PostEffect\RadialBlur.h">
      <Filter>Application\Header\PostEffect</Filter>
    </ClInclude>
  </ItemGroup>
  <ItemGroup>
    <None Include="NewEngine\Shader\Blur.hlsli">
      <Filter>Shader\Engine\Util</Filter>
    </None>
    <None Include="NewEngine\Shader\Lighting.hlsli">
      <Filter>Shader\Engine\Util</Filter>
    </None>
    <None Include="NewEngine\Shader\ShaderIO.hlsli">
      <Filter>Shader\Engine\Util</Filter>
    </None>
    <None Include="Application\Shader\Cloud\Cloud.hlsli">
      <Filter>Shader\Application\Cloud</Filter>
    </None>
    <None Include="Application\Shader\Ripple\Ripple.hlsli">
      <Filter>Shader\Application\RespawnPoint\Ripple</Filter>
    </None>
    <None Include="Application\Shader\ShadowObj\ShadowObj.hlsli">
      <Filter>Shader\Application\ShaderMap</Filter>
    </None>
    <None Include="Application\Shader\ShadowMap\ShadowMap.hlsli">
      <Filter>Shader\Application\ShaderMap</Filter>
    </None>
    <None Include="Application\Shader\RespawnTransition\RespawnTransition.hlsli">
      <Filter>Shader\Application\RespawnPoint\Transition</Filter>
    </None>
    <None Include="Application\Shader\PostEffect\GaussianBlur\GaussianBlur.hlsli">
      <Filter>Shader\Application\PostEffect\GaussianBlur</Filter>
    </None>
    <None Include="Application\Shader\Branch\Branch.hlsli">
      <Filter>Shader\Application\Branch</Filter>
    </None>
    <None Include="Application\Shader\Grass\Grass.hlsli">
      <Filter>Shader\Application\Grass</Filter>
    </None>
    <None Include="NewEngine\Shader\Emitter\Emitter.hlsli">
      <Filter>Shader\Engine\Emitter</Filter>
    </None>
    <None Include="NewEngine\Shader\CircleGaugeSprite\CircleGaugeSprite.hlsli">
      <Filter>Shader\Engine\CircleGaugeSprite</Filter>
    </None>
    <None Include="NewEngine\Shader\Line\Line.hlsli">
      <Filter>Shader\Engine\Line</Filter>
    </None>
    <None Include="NewEngine\Shader\ColliderObject\ColliderObject.hlsli">
      <Filter>Shader\Engine\ColliderObject</Filter>
    </None>
    <None Include="NewEngine\Shader\FbxModel\FbxModel.hlsli">
      <Filter>Shader\Engine\FbxModel</Filter>
    </None>
    <None Include="NewEngine\Shader\Object3D\Object3D.hlsli">
      <Filter>Shader\Engine\Object3D</Filter>
    </None>
    <None Include="NewEngine\Shader\PostEffect\PostEffect.hlsli">
      <Filter>Shader\Engine\PostEffect</Filter>
    </None>
    <None Include="NewEngine\Shader\Sprite\Sprite.hlsli">
      <Filter>Shader\Engine\Sprite</Filter>
    </None>
    <None Include=".editorconfig" />
    <None Include="NewEngine\Shader\ParticleMesh\ParticleMesh.hlsli">
      <Filter>Shader\Engine\ParticleMesh</Filter>
    </None>
    <None Include="NewEngine\Shader\Util\Util.hlsli">
      <Filter>Shader\Engine\Util</Filter>
    </None>
    <None Include="NewEngine\Shader\VolumetricFog\VolumetricFog.hlsli">
      <Filter>Shader\Engine\VolumetricFog</Filter>
    </None>
    <None Include="Application\Shader\PostEffect\Vignette\Vignette.hlsli">
      <Filter>Shader\Application\PostEffect\Vignette</Filter>
    </None>
    <None Include="Application\Shader\PostEffect\Composite\Composite.hlsli">
      <Filter>Shader\Application\PostEffect\Composite</Filter>
    </None>
    <None Include="Application\Shader\PostEffect\HighLumi\HighLumi.hlsli">
      <Filter>Shader\Application\PostEffect\HighLumi</Filter>
    </None>
    <None Include="Application\Shader\Rhombus\Rhombus.hlsli">
      <Filter>Shader\Application\RespawnPoint\Rhombus</Filter>
    </None>
    <None Include="Application\Shader\Skydome\Skydome.hlsli">
      <Filter>Shader\Application\Skydome</Filter>
    </None>
    <None Include="Application\Shader\Trajectory\Trajectory.hlsli">
      <Filter>Shader\Application\Trajectory</Filter>
    </None>
    <None Include="NewEngine\Shader\ParticleObject\ParticleObject.hlsli">
      <Filter>Shader\Engine\ParticleObject</Filter>
    </None>
    <None Include="Application\Shader\PostEffect\RadialBlur\RadialBlur.hlsli">
      <Filter>Shader\Application\PostEffect\RadialBlur</Filter>
    </None>
    <None Include="Application\Shader\WorldVolumetricFog\WorldVolumetricFog.hlsli">
      <Filter>Shader\Application\WorldVolumetricFog</Filter>
    </None>
  </ItemGroup>
  <ItemGroup>
    <FxCompile Include="Application\Shader\Cloud\CloudPS.hlsl">
      <Filter>Shader\Application\Cloud</Filter>
    </FxCompile>
    <FxCompile Include="Application\Shader\Cloud\CloudVS.hlsl">
      <Filter>Shader\Application\Cloud</Filter>
    </FxCompile>
    <FxCompile Include="Application\Shader\Ripple\RipplePS.hlsl">
      <Filter>Shader\Application\RespawnPoint\Ripple</Filter>
    </FxCompile>
    <FxCompile Include="Application\Shader\Ripple\RippleVS.hlsl">
      <Filter>Shader\Application\RespawnPoint\Ripple</Filter>
    </FxCompile>
    <FxCompile Include="Application\Shader\Rhombus\RhombusPS.hlsl">
      <Filter>Shader\Application\RespawnPoint\Rhombus</Filter>
    </FxCompile>
    <FxCompile Include="Application\Shader\Rhombus\RhombusVS.hlsl">
      <Filter>Shader\Application\RespawnPoint\Rhombus</Filter>
    </FxCompile>
    <FxCompile Include="Application\Shader\ShadowObj\ShadowObjVS.hlsl">
      <Filter>Shader\Application\ShaderMap</Filter>
    </FxCompile>
    <FxCompile Include="Application\Shader\ShadowObj\ShadowObjPS.hlsl">
      <Filter>Shader\Application\ShaderMap</Filter>
    </FxCompile>
    <FxCompile Include="Application\Shader\ShadowMap\ShadowMapVS.hlsl">
      <Filter>Shader\Application\ShaderMap</Filter>
    </FxCompile>
    <FxCompile Include="Application\Shader\ShadowMap\ShadowMapPS.hlsl">
      <Filter>Shader\Application\ShaderMap</Filter>
    </FxCompile>
    <FxCompile Include="Application\Shader\RespawnTransition\RespawnTransitionPS.hlsl">
      <Filter>Shader\Application\RespawnPoint\Transition</Filter>
    </FxCompile>
    <FxCompile Include="Application\Shader\RespawnTransition\RespawnTransitionVS.hlsl">
      <Filter>Shader\Application\RespawnPoint\Transition</Filter>
    </FxCompile>
    <FxCompile Include="Application\Shader\PostEffect\GaussianBlur\GaussianBlurPS.hlsl">
      <Filter>Shader\Application\PostEffect\GaussianBlur</Filter>
    </FxCompile>
    <FxCompile Include="Application\Shader\PostEffect\GaussianBlur\GaussianBlurVS.hlsl">
      <Filter>Shader\Application\PostEffect\GaussianBlur</Filter>
    </FxCompile>
    <FxCompile Include="Application\Shader\Branch\BranchVS.hlsl">
      <Filter>Shader\Application\Branch</Filter>
    </FxCompile>
    <FxCompile Include="Application\Shader\Branch\BranchPS.hlsl">
      <Filter>Shader\Application\Branch</Filter>
    </FxCompile>
    <FxCompile Include="Application\Shader\Grass\GrassVS.hlsl">
      <Filter>Shader\Application\Grass</Filter>
    </FxCompile>
    <FxCompile Include="Application\Shader\Grass\GrassPS.hlsl">
      <Filter>Shader\Application\Grass</Filter>
    </FxCompile>
    <FxCompile Include="Application\Shader\Grass\GrassGS.hlsl">
      <Filter>Shader\Application\Grass</Filter>
    </FxCompile>
    <FxCompile Include="Application\Shader\RespawnPointEffect\RespawnPointEffectCS.hlsl">
      <Filter>Shader\Application\Effect</Filter>
    </FxCompile>
    <FxCompile Include="NewEngine\Shader\Emitter\EmitterCS.hlsl">
      <Filter>Shader\Engine\Emitter</Filter>
    </FxCompile>
    <FxCompile Include="NewEngine\Shader\Emitter\EmitterGS.hlsl">
      <Filter>Shader\Engine\Emitter</Filter>
    </FxCompile>
    <FxCompile Include="NewEngine\Shader\Emitter\EmitterPS.hlsl">
      <Filter>Shader\Engine\Emitter</Filter>
    </FxCompile>
    <FxCompile Include="NewEngine\Shader\Emitter\EmitterVS.hlsl">
      <Filter>Shader\Engine\Emitter</Filter>
    </FxCompile>
    <FxCompile Include="NewEngine\Shader\Emitter\GPUEmitterVS.hlsl">
      <Filter>Shader\Engine\Emitter</Filter>
    </FxCompile>
    <FxCompile Include="NewEngine\Shader\CircleGaugeSprite\CircleGaugeSpritePS.hlsl">
      <Filter>Shader\Engine\CircleGaugeSprite</Filter>
    </FxCompile>
    <FxCompile Include="NewEngine\Shader\CircleGaugeSprite\CircleGaugeSpriteVS.hlsl">
      <Filter>Shader\Engine\CircleGaugeSprite</Filter>
    </FxCompile>
    <FxCompile Include="NewEngine\Shader\Line\LinePS.hlsl">
      <Filter>Shader\Engine\Line</Filter>
    </FxCompile>
    <FxCompile Include="NewEngine\Shader\Line\LineVS.hlsl">
      <Filter>Shader\Engine\Line</Filter>
    </FxCompile>
    <FxCompile Include="NewEngine\Shader\ColliderObject\ColliderObjectPS.hlsl">
      <Filter>Shader\Engine\ColliderObject</Filter>
    </FxCompile>
    <FxCompile Include="NewEngine\Shader\ColliderObject\ColliderObjectVS.hlsl">
      <Filter>Shader\Engine\ColliderObject</Filter>
    </FxCompile>
    <FxCompile Include="NewEngine\Shader\FbxModel\FbxModelPS.hlsl">
      <Filter>Shader\Engine\FbxModel</Filter>
    </FxCompile>
    <FxCompile Include="NewEngine\Shader\FbxModel\FbxModelVS.hlsl">
      <Filter>Shader\Engine\FbxModel</Filter>
    </FxCompile>
    <FxCompile Include="NewEngine\Shader\Object3D\Object3DPS.hlsl">
      <Filter>Shader\Engine\Object3D</Filter>
    </FxCompile>
    <FxCompile Include="NewEngine\Shader\Object3D\Object3DVS.hlsl">
      <Filter>Shader\Engine\Object3D</Filter>
    </FxCompile>
    <FxCompile Include="NewEngine\Shader\PostEffect\PostEffectPS.hlsl">
      <Filter>Shader\Engine\PostEffect</Filter>
    </FxCompile>
    <FxCompile Include="NewEngine\Shader\PostEffect\PostEffectVS.hlsl">
      <Filter>Shader\Engine\PostEffect</Filter>
    </FxCompile>
    <FxCompile Include="NewEngine\Shader\Sprite\SpritePS.hlsl">
      <Filter>Shader\Engine\Sprite</Filter>
    </FxCompile>
    <FxCompile Include="NewEngine\Shader\Sprite\SpriteVS.hlsl">
      <Filter>Shader\Engine\Sprite</Filter>
    </FxCompile>
    <FxCompile Include="Application\Shader\RespawnPointEffect\RespawnPointEffectVS.hlsl">
      <Filter>Shader\Application\Effect</Filter>
    </FxCompile>
    <FxCompile Include="NewEngine\Shader\ParticleMesh\ParticleMeshPS.hlsl">
      <Filter>Shader\Engine\ParticleMesh</Filter>
    </FxCompile>
    <FxCompile Include="NewEngine\Shader\ParticleMesh\ParticleMeshVS.hlsl">
      <Filter>Shader\Engine\ParticleMesh</Filter>
    </FxCompile>
    <FxCompile Include="NewEngine\Shader\ParticleMesh\ParticleMeshGS.hlsl">
      <Filter>Shader\Engine\ParticleMesh</Filter>
    </FxCompile>
    <FxCompile Include="NewEngine\Shader\ParticleMesh\ParticleMeshCS.hlsl">
      <Filter>Shader\Engine\ParticleMesh</Filter>
    </FxCompile>
    <FxCompile Include="NewEngine\Shader\VolumetricFog\VolumetricFogVS.hlsl">
      <Filter>Shader\Engine\VolumetricFog</Filter>
    </FxCompile>
    <FxCompile Include="NewEngine\Shader\VolumetricFog\VolumetricFogPS.hlsl">
      <Filter>Shader\Engine\VolumetricFog</Filter>
    </FxCompile>
    <FxCompile Include="Application\Shader\Effect\LogoExplosionEffect\LogoExplosionEffectInitCS.hlsl">
      <Filter>Shader\Application\Effect\LogoExplosionEffect</Filter>
    </FxCompile>
    <FxCompile Include="Application\Shader\Effect\LogoExplosionEffect\LogoExplosionEffectUpdateCS.hlsl">
      <Filter>Shader\Application\Effect\LogoExplosionEffect</Filter>
    </FxCompile>
    <FxCompile Include="Application\Shader\Effect\LogoExplosionEffect\LogoExplosionEffectVS.hlsl">
      <Filter>Shader\Application\Effect\LogoExplosionEffect</Filter>
    </FxCompile>
    <FxCompile Include="Application\Shader\PostEffect\Vignette\VignettePS.hlsl">
      <Filter>Shader\Application\PostEffect\Vignette</Filter>
    </FxCompile>
    <FxCompile Include="Application\Shader\PostEffect\Vignette\VignetteVS.hlsl">
      <Filter>Shader\Application\PostEffect\Vignette</Filter>
    </FxCompile>
    <FxCompile Include="Application\Shader\PostEffect\Composite\CompositePS.hlsl">
      <Filter>Shader\Application\PostEffect\Composite</Filter>
    </FxCompile>
    <FxCompile Include="Application\Shader\PostEffect\Composite\CompositeVS.hlsl">
      <Filter>Shader\Application\PostEffect\Composite</Filter>
    </FxCompile>
    <FxCompile Include="Application\Shader\PostEffect\HighLumi\HighLumiPS.hlsl">
      <Filter>Shader\Application\PostEffect\HighLumi</Filter>
    </FxCompile>
    <FxCompile Include="Application\Shader\PostEffect\HighLumi\HighLumiVS.hlsl">
      <Filter>Shader\Application\PostEffect\HighLumi</Filter>
    </FxCompile>
    <FxCompile Include="Application\Shader\Effect\LeadEffect\LeadEffectInitCS.hlsl">
      <Filter>Shader\Application\Effect\LeadEffect</Filter>
    </FxCompile>
    <FxCompile Include="Application\Shader\Effect\LeadEffect\LeadEffectVS.hlsl">
      <Filter>Shader\Application\Effect\LeadEffect</Filter>
    </FxCompile>
    <FxCompile Include="Application\Shader\Effect\LeadEffect\LeadEffectUpdateCS.hlsl">
      <Filter>Shader\Application\Effect\LeadEffect</Filter>
    </FxCompile>
    <FxCompile Include="Application\Shader\Effect\PlayerRecoveryEffect\PlayerRecoveryEffectVS.hlsl">
      <Filter>Shader\Application\Effect\PlayerRecoveryEffect</Filter>
    </FxCompile>
    <FxCompile Include="Application\Shader\Effect\PlayerRecoveryEffect\PlayerRecoveryEffectInitCS.hlsl">
      <Filter>Shader\Application\Effect\PlayerRecoveryEffect</Filter>
    </FxCompile>
    <FxCompile Include="Application\Shader\Effect\PlayerRecoveryEffect\PlayerRecoveryEffectUpdateCS.hlsl">
      <Filter>Shader\Application\Effect\PlayerRecoveryEffect</Filter>
    </FxCompile>
    <FxCompile Include="Application\Shader\Effect\AirEffect\AirEffectVS.hlsl">
      <Filter>Shader\Application\Effect\AirEffect</Filter>
    </FxCompile>
    <FxCompile Include="Application\Shader\Effect\AirEffect\AirEffectInitCS.hlsl">
      <Filter>Shader\Application\Effect\AirEffect</Filter>
    </FxCompile>
    <FxCompile Include="Application\Shader\Effect\AirEffect\AirEffectUpdateCS.hlsl">
      <Filter>Shader\Application\Effect\AirEffect</Filter>
    </FxCompile>
    <FxCompile Include="Application\Shader\Skydome\SkydomeVS.hlsl">
      <Filter>Shader\Application\Skydome</Filter>
    </FxCompile>
    <FxCompile Include="Application\Shader\Skydome\SkydomePS.hlsl">
      <Filter>Shader\Application\Skydome</Filter>
    </FxCompile>
    <FxCompile Include="Application\Shader\Trajectory\TrajectoryVS.hlsl">
      <Filter>Shader\Application\Trajectory</Filter>
    </FxCompile>
    <FxCompile Include="Application\Shader\Trajectory\TrajectoryPS.hlsl">
      <Filter>Shader\Application\Trajectory</Filter>
    </FxCompile>
    <FxCompile Include="Application\Shader\Effect\BossAttackTrajectoryEffect\BossAttackTrajectoryEffectInitCS.hlsl">
      <Filter>Shader\Application\Effect\BossAttackTrajectoryEffect</Filter>
    </FxCompile>
    <FxCompile Include="Application\Shader\Effect\BossAttackTrajectoryEffect\BossAttackTrajectoryEffectVS.hlsl">
      <Filter>Shader\Application\Effect\BossAttackTrajectoryEffect</Filter>
    </FxCompile>
    <FxCompile Include="Application\Shader\Effect\BossAttackTrajectoryEffect\BossAttackTrajectoryEffectUpdateCS.hlsl">
      <Filter>Shader\Application\Effect\BossAttackTrajectoryEffect</Filter>
    </FxCompile>
    <FxCompile Include="NewEngine\Shader\ParticleObject\ParticleObjectVS.hlsl">
      <Filter>Shader\Engine\ParticleObject</Filter>
    </FxCompile>
    <FxCompile Include="NewEngine\Shader\ParticleObject\ParticleObjectCS.hlsl">
      <Filter>Shader\Engine\ParticleObject</Filter>
    </FxCompile>
    <FxCompile Include="NewEngine\Shader\ParticleObject\ParticleObjectPS.hlsl">
      <Filter>Shader\Engine\ParticleObject</Filter>
    </FxCompile>
    <FxCompile Include="NewEngine\Shader\ParticleObject\ParticleObjectGS.hlsl">
      <Filter>Shader\Engine\ParticleObject</Filter>
    </FxCompile>
    <FxCompile Include="Application\Shader\PonDeRing\PonDeRingUpdateCS.hlsl">
      <Filter>Shader\Application\PonDeRing</Filter>
    </FxCompile>
    <FxCompile Include="Application\Shader\PonDeRing\PonDeRingInitCS.hlsl">
      <Filter>Shader\Application\PonDeRing</Filter>
    </FxCompile>
    <FxCompile Include="Application\Shader\PonDeRing\PonDeRingVS.hlsl">
      <Filter>Shader\Application\PonDeRing</Filter>
    </FxCompile>
    <FxCompile Include="Application\Shader\PostEffect\RadialBlur\RadialBlurVS.hlsl">
      <Filter>Shader\Application\PostEffect\RadialBlur</Filter>
    </FxCompile>
    <FxCompile Include="Application\Shader\PostEffect\RadialBlur\RadialBlurPS.hlsl">
      <Filter>Shader\Application\PostEffect\RadialBlur</Filter>
    </FxCompile>
    <FxCompile Include="Application\Shader\Effect\AttackExplosionEffect\AttackExplosionEffectInitCS.hlsl">
      <Filter>Shader\Application\Effect\AttackExplosionEffect</Filter>
    </FxCompile>
    <FxCompile Include="Application\Shader\Effect\AttackExplosionEffect\AttackExplosionEffectVS.hlsl">
      <Filter>Shader\Application\Effect\AttackExplosionEffect</Filter>
    </FxCompile>
    <FxCompile Include="Application\Shader\Effect\AttackExplosionEffect\AttackExplosionEffectUpdateCS.hlsl">
      <Filter>Shader\Application\Effect\AttackExplosionEffect</Filter>
    </FxCompile>
    <FxCompile Include="Application\Shader\Effect\SmokeEffect\SmokeEffectInitCS.hlsl">
      <Filter>Shader\Application\Effect\SmokeEffect</Filter>
    </FxCompile>
    <FxCompile Include="Application\Shader\Effect\SmokeEffect\SmokeEffectVS.hlsl">
      <Filter>Shader\Application\Effect\SmokeEffect</Filter>
    </FxCompile>
    <FxCompile Include="Application\Shader\Effect\SmokeEffect\SmokeEffectUpdateCS.hlsl">
      <Filter>Shader\Application\Effect\SmokeEffect</Filter>
    </FxCompile>
    <FxCompile Include="Application\Shader\WorldVolumetricFog\WorldVolumetricFogVS.hlsl">
      <Filter>Shader\Application\WorldVolumetricFog</Filter>
    </FxCompile>
    <FxCompile Include="Application\Shader\WorldVolumetricFog\WorldVolumetricFogPS.hlsl">
      <Filter>Shader\Application\WorldVolumetricFog</Filter>
    </FxCompile>
    <FxCompile Include="Application\Shader\Grass\GrassCS.hlsl">
      <Filter>Shader\Application\Grass</Filter>
    </FxCompile>
  </ItemGroup>
</Project>