<?xml version="1.0" encoding="utf-8"?>
<Project ToolsVersion="4.0" xmlns="http://schemas.microsoft.com/developer/msbuild/2003">
  <ItemGroup>
    <Filter Include="リソース ファイル">
      <UniqueIdentifier>{67DA6AB6-F800-4c08-8B7A-83BB121AAD01}</UniqueIdentifier>
      <Extensions>rc;ico;cur;bmp;dlg;rc2;rct;bin;rgs;gif;jpg;jpeg;jpe;resx;tiff;tif;png;wav;mfcribbon-ms</Extensions>
    </Filter>
    <Filter Include="Shader">
      <UniqueIdentifier>{ebea575b-6f4d-4e6e-b893-a47bace55e10}</UniqueIdentifier>
    </Filter>
    <Filter Include="Application">
      <UniqueIdentifier>{7b67c8d0-4c10-4f8a-bb34-b52e248a8ed7}</UniqueIdentifier>
    </Filter>
    <Filter Include="Application\Source">
      <UniqueIdentifier>{7d545895-5999-4f49-8a75-90a776f7062e}</UniqueIdentifier>
    </Filter>
    <Filter Include="Application\Header">
      <UniqueIdentifier>{3b72bdd1-0e37-4f84-9615-af682d06bebc}</UniqueIdentifier>
    </Filter>
    <Filter Include="Application\Header\Scene">
      <UniqueIdentifier>{bf63e877-8567-420d-a7cc-f70e9b0eaa71}</UniqueIdentifier>
    </Filter>
    <Filter Include="Application\Source\Scene">
      <UniqueIdentifier>{4549da2c-25e5-4c54-a0d3-93f008c91093}</UniqueIdentifier>
    </Filter>
    <Filter Include="Uncategorized">
      <UniqueIdentifier>{a0e509e1-416c-4df2-a204-ba1f23432926}</UniqueIdentifier>
    </Filter>
    <Filter Include="Uncategorized\Source">
      <UniqueIdentifier>{4FC737F1-C7A5-4376-A066-2A32D752A2FF}</UniqueIdentifier>
      <Extensions>cpp;c;cc;cxx;c++;cppm;ixx;def;odl;idl;hpj;bat;asm;asmx</Extensions>
    </Filter>
    <Filter Include="Uncategorized\Header">
      <UniqueIdentifier>{93995380-89BD-4b04-88EB-625FBE52EBFB}</UniqueIdentifier>
      <Extensions>h;hh;hpp;hxx;h++;hm;inl;inc;ipp;xsd</Extensions>
    </Filter>
    <Filter Include="Shader\Engine">
      <UniqueIdentifier>{34972156-5f9a-4832-bb11-aad9c71353e6}</UniqueIdentifier>
    </Filter>
    <Filter Include="Shader\Engine\Util">
      <UniqueIdentifier>{0031c42b-881b-489c-9e3d-7deffda456b0}</UniqueIdentifier>
    </Filter>
    <Filter Include="Shader\Application">
      <UniqueIdentifier>{a6427656-65d8-448f-a149-1d8ea1006296}</UniqueIdentifier>
    </Filter>
    <Filter Include="NewEngine">
      <UniqueIdentifier>{1cb946a9-b40c-4db0-b91b-7eaad5137338}</UniqueIdentifier>
    </Filter>
    <Filter Include="NewEngine\Header">
      <UniqueIdentifier>{02c56b0b-d499-41e5-ab27-513a6dd69739}</UniqueIdentifier>
    </Filter>
    <Filter Include="NewEngine\Header\Render">
      <UniqueIdentifier>{1edb732b-13ca-4c1b-ac35-75dc673cdede}</UniqueIdentifier>
    </Filter>
    <Filter Include="NewEngine\Header\Render\Buffer">
      <UniqueIdentifier>{b7bd0bb9-118e-4ba2-acc1-de14edef096b}</UniqueIdentifier>
    </Filter>
    <Filter Include="NewEngine\Header\Object">
      <UniqueIdentifier>{43122723-d83e-49bb-856b-479583eeb5de}</UniqueIdentifier>
    </Filter>
    <Filter Include="NewEngine\Header\Object\3D">
      <UniqueIdentifier>{595114dc-e3c0-442d-98e7-5e3aa5140a07}</UniqueIdentifier>
    </Filter>
    <Filter Include="NewEngine\Header\Object\2D">
      <UniqueIdentifier>{af739827-4b00-4818-ad5a-e73cc687b7a9}</UniqueIdentifier>
    </Filter>
    <Filter Include="NewEngine\Header\Object\Other">
      <UniqueIdentifier>{1d799c42-18cb-46b5-83c2-5b012a786d2d}</UniqueIdentifier>
    </Filter>
    <Filter Include="NewEngine\Header\Util">
      <UniqueIdentifier>{c114a9f0-fd56-40e7-9188-5a7ec45f430e}</UniqueIdentifier>
    </Filter>
    <Filter Include="NewEngine\Header\Math">
      <UniqueIdentifier>{590935c1-a828-435e-8837-a3f876a738f6}</UniqueIdentifier>
    </Filter>
    <Filter Include="NewEngine\Header\Input">
      <UniqueIdentifier>{bd90a779-2263-4b95-9523-3cf86543769f}</UniqueIdentifier>
    </Filter>
    <Filter Include="NewEngine\Header\Collision">
      <UniqueIdentifier>{83e19682-79a0-43d8-8575-d4adfaf103c0}</UniqueIdentifier>
    </Filter>
    <Filter Include="NewEngine\Header\Gui">
      <UniqueIdentifier>{5bc23d66-9f43-496b-91af-4305d090a2bd}</UniqueIdentifier>
    </Filter>
    <Filter Include="NewEngine\Header\Sound">
      <UniqueIdentifier>{924c731e-5f51-4001-a0dc-7fdcdb05bee1}</UniqueIdentifier>
    </Filter>
    <Filter Include="NewEngine\Source">
      <UniqueIdentifier>{c4bc0090-2eda-4495-888b-c14817b54d79}</UniqueIdentifier>
    </Filter>
    <Filter Include="NewEngine\Source\Render">
      <UniqueIdentifier>{0cd6b8a8-b44a-41d8-98cd-686e7f36ec4f}</UniqueIdentifier>
    </Filter>
    <Filter Include="NewEngine\Source\Render\Buffer">
      <UniqueIdentifier>{d2a9d334-35c1-4264-9900-6d58bd7e450b}</UniqueIdentifier>
    </Filter>
    <Filter Include="NewEngine\Source\Object">
      <UniqueIdentifier>{cd92289e-f889-407f-bfad-74adf7942696}</UniqueIdentifier>
    </Filter>
    <Filter Include="NewEngine\Source\Object\3D">
      <UniqueIdentifier>{a0695b39-eff6-4e74-9fc2-4b4022aa935e}</UniqueIdentifier>
    </Filter>
    <Filter Include="NewEngine\Source\Object\2D">
      <UniqueIdentifier>{58dfdb2c-2035-4a63-b87f-edadb925c616}</UniqueIdentifier>
    </Filter>
    <Filter Include="NewEngine\Source\Object\Other">
      <UniqueIdentifier>{d7b10524-188d-4511-b7e3-7bba22bb0c24}</UniqueIdentifier>
    </Filter>
    <Filter Include="NewEngine\Source\Util">
      <UniqueIdentifier>{05acc0a5-2e3c-4e6c-ae62-b2401ee4f0bb}</UniqueIdentifier>
    </Filter>
    <Filter Include="NewEngine\Source\Math">
      <UniqueIdentifier>{1372c687-48b5-4467-9b55-0b4b24d494db}</UniqueIdentifier>
    </Filter>
    <Filter Include="NewEngine\Source\Input">
      <UniqueIdentifier>{3bf80bd3-9b30-4f5b-8de2-f6e3f60626c3}</UniqueIdentifier>
    </Filter>
    <Filter Include="NewEngine\Source\Collision">
      <UniqueIdentifier>{1562e754-1226-417c-beb2-375650af80bd}</UniqueIdentifier>
    </Filter>
    <Filter Include="NewEngine\Source\Gui">
      <UniqueIdentifier>{83bfc96f-f374-408f-b1f1-74847e2cfb31}</UniqueIdentifier>
    </Filter>
    <Filter Include="NewEngine\Source\Sound">
      <UniqueIdentifier>{85d7aaa5-e8a8-4a6d-9861-cefb5831292f}</UniqueIdentifier>
    </Filter>
    <Filter Include="Application\Source\PostEffect">
      <UniqueIdentifier>{5d4b1f23-4c25-4c90-9b2e-fefb7391dfaa}</UniqueIdentifier>
    </Filter>
    <Filter Include="Application\Header\PostEffect">
      <UniqueIdentifier>{d4bdd35e-3485-492b-b0f5-9608b3369d84}</UniqueIdentifier>
    </Filter>
    <Filter Include="Shader\Application\Bloom">
      <UniqueIdentifier>{7062c03f-aed0-498f-9f48-67d18ffe2c05}</UniqueIdentifier>
    </Filter>
    <Filter Include="Shader\Application\Glare">
      <UniqueIdentifier>{4166cf33-29d2-4eb6-9be3-a430bda43dc5}</UniqueIdentifier>
    </Filter>
    <Filter Include="NewEngine\Header\Object\Other\Model">
      <UniqueIdentifier>{ddb62283-b17e-457e-b475-903e72ca8b92}</UniqueIdentifier>
    </Filter>
    <Filter Include="NewEngine\Source\Object\Other\Model">
      <UniqueIdentifier>{7c8e69d5-a283-4d47-aea3-ce1813da0e12}</UniqueIdentifier>
    </Filter>
    <Filter Include="Application\Source\UI">
      <UniqueIdentifier>{dde48fdf-5b24-4364-ab79-3b32c78b406b}</UniqueIdentifier>
    </Filter>
    <Filter Include="Application\Header\UI">
      <UniqueIdentifier>{3883a1ae-ad71-40ac-a4f3-1a9d6454ad73}</UniqueIdentifier>
    </Filter>
    <Filter Include="Application\Source\Weapon">
      <UniqueIdentifier>{850f4087-dcbc-4e0c-80fd-70aa989a097d}</UniqueIdentifier>
    </Filter>
    <Filter Include="Application\Header\Weapon">
      <UniqueIdentifier>{d735dc30-6d52-4a2f-ba0a-eaf5b28b0bb6}</UniqueIdentifier>
    </Filter>
    <Filter Include="Application\Source\Motion">
      <UniqueIdentifier>{0989b207-3403-4731-9de5-48a6edf5dfea}</UniqueIdentifier>
    </Filter>
    <Filter Include="Application\Source\Motion\Weapon">
      <UniqueIdentifier>{cb853e0c-c40b-4f6d-8745-2caab13a93d2}</UniqueIdentifier>
    </Filter>
    <Filter Include="Application\Header\Motion">
      <UniqueIdentifier>{198f432a-07a7-40b2-97f8-115d759c5dd5}</UniqueIdentifier>
    </Filter>
    <Filter Include="Application\Header\Motion\Weapon">
      <UniqueIdentifier>{9d596a25-0aa2-4b97-9519-08c94b2fcd82}</UniqueIdentifier>
    </Filter>
    <Filter Include="Application\Source\Motion\Human">
      <UniqueIdentifier>{b40eae28-5076-49a3-8ff1-a9360c5a9642}</UniqueIdentifier>
    </Filter>
    <Filter Include="Application\Header\Motion\Human">
      <UniqueIdentifier>{1d57f7e9-95ce-47f4-8e7b-a310d7ff9a6e}</UniqueIdentifier>
    </Filter>
    <Filter Include="nlohmann">
      <UniqueIdentifier>{90d0df66-bf66-4133-a379-d1d84e3ef1a6}</UniqueIdentifier>
    </Filter>
    <Filter Include="Application\Source\Body">
      <UniqueIdentifier>{c0f14d49-89be-4d22-a1e7-6e5854de34aa}</UniqueIdentifier>
    </Filter>
    <Filter Include="Application\Header\Body">
      <UniqueIdentifier>{04339e44-f388-4e66-9c70-2483adb6e65a}</UniqueIdentifier>
    </Filter>
    <Filter Include="Application\Header\Camera">
      <UniqueIdentifier>{94f089b1-a7d8-41c4-a208-ab4db7056d3d}</UniqueIdentifier>
    </Filter>
    <Filter Include="Application\Source\Camera">
      <UniqueIdentifier>{b27e49ec-07dc-4345-ab82-83feb6753eb8}</UniqueIdentifier>
    </Filter>
    <Filter Include="Application\Source\Field">
      <UniqueIdentifier>{85d50bc3-aebf-40d6-8e61-02f507c81dc0}</UniqueIdentifier>
    </Filter>
    <Filter Include="Application\Header\Field">
      <UniqueIdentifier>{26f52e60-b22b-4649-bb79-497d5bbcbda3}</UniqueIdentifier>
    </Filter>
    <Filter Include="NewEngine\Source\Lighting">
      <UniqueIdentifier>{723b8732-9770-4eb3-b3b6-b67e8efb9d57}</UniqueIdentifier>
    </Filter>
    <Filter Include="NewEngine\Header\Lighting">
      <UniqueIdentifier>{2e138d45-a1d0-4dde-97af-e473ac0908db}</UniqueIdentifier>
    </Filter>
  </ItemGroup>
  <ItemGroup>
    <ClCompile Include="NewEngine\Render\Buffer\IndexBuffer.cpp">
      <Filter>NewEngine\Source\Render\Buffer</Filter>
    </ClCompile>
    <ClCompile Include="NewEngine\Render\RenderBase.cpp">
      <Filter>NewEngine\Source\Render</Filter>
    </ClCompile>
    <ClCompile Include="NewEngine\Render\RenderWindow.cpp">
      <Filter>NewEngine\Source\Render</Filter>
    </ClCompile>
    <ClCompile Include="NewEngine\Render\ScissorRectangle.cpp">
      <Filter>NewEngine\Source\Render</Filter>
    </ClCompile>
    <ClCompile Include="NewEngine\Render\ShaderObject.cpp">
      <Filter>NewEngine\Source\Render</Filter>
    </ClCompile>
    <ClCompile Include="NewEngine\Render\Viewport.cpp">
      <Filter>NewEngine\Source\Render</Filter>
    </ClCompile>
    <ClCompile Include="NewEngine\Render\GraphicsPipeline.cpp">
      <Filter>NewEngine\Source\Render</Filter>
    </ClCompile>
    <ClCompile Include="NewEngine\main.cpp">
      <Filter>NewEngine\Source</Filter>
    </ClCompile>
    <ClCompile Include="NewEngine\NewEngine.cpp">
      <Filter>NewEngine\Source</Filter>
    </ClCompile>
    <ClCompile Include="NewEngine\Collision\Collider.cpp">
      <Filter>NewEngine\Source\Collision</Filter>
    </ClCompile>
    <ClCompile Include="NewEngine\Collision\Collision.cpp">
      <Filter>NewEngine\Source\Collision</Filter>
    </ClCompile>
    <ClCompile Include="NewEngine\Input\InputManager.cpp">
      <Filter>NewEngine\Source\Input</Filter>
    </ClCompile>
    <ClCompile Include="NewEngine\Input\JoypadInput.cpp">
      <Filter>NewEngine\Source\Input</Filter>
    </ClCompile>
    <ClCompile Include="NewEngine\Input\KeyBoardInput.cpp">
      <Filter>NewEngine\Source\Input</Filter>
    </ClCompile>
    <ClCompile Include="NewEngine\Input\MouseInput.cpp">
      <Filter>NewEngine\Source\Input</Filter>
    </ClCompile>
    <ClCompile Include="NewEngine\Math\Mat4.cpp">
      <Filter>NewEngine\Source\Math</Filter>
    </ClCompile>
    <ClCompile Include="NewEngine\Math\MathUtil.cpp">
      <Filter>NewEngine\Source\Math</Filter>
    </ClCompile>
    <ClCompile Include="NewEngine\Math\Vec2.cpp">
      <Filter>NewEngine\Source\Math</Filter>
    </ClCompile>
    <ClCompile Include="NewEngine\Math\Vec3.cpp">
      <Filter>NewEngine\Source\Math</Filter>
    </ClCompile>
    <ClCompile Include="NewEngine\Object\2D\Sprite.cpp">
      <Filter>NewEngine\Source\Object\2D</Filter>
    </ClCompile>
    <ClCompile Include="NewEngine\Object\3D\Camera.cpp">
      <Filter>NewEngine\Source\Object\3D</Filter>
    </ClCompile>
    <ClCompile Include="NewEngine\Object\3D\Line.cpp">
      <Filter>NewEngine\Source\Object\3D</Filter>
    </ClCompile>
    <ClCompile Include="NewEngine\Object\3D\Object3D.cpp">
      <Filter>NewEngine\Source\Object\3D</Filter>
    </ClCompile>
    <ClCompile Include="NewEngine\Util\Color.cpp">
      <Filter>NewEngine\Source\Util</Filter>
    </ClCompile>
    <ClCompile Include="NewEngine\Util\FrameRate.cpp">
      <Filter>NewEngine\Source\Util</Filter>
    </ClCompile>
    <ClCompile Include="NewEngine\Util\Random.cpp">
      <Filter>NewEngine\Source\Util</Filter>
    </ClCompile>
    <ClCompile Include="NewEngine\Util\Transform.cpp">
      <Filter>NewEngine\Source\Util</Filter>
    </ClCompile>
    <ClCompile Include="NewEngine\Util\Util.cpp">
      <Filter>NewEngine\Source\Util</Filter>
    </ClCompile>
    <ClCompile Include="Application\SourceCode\Scene\GameScene.cpp">
      <Filter>Application\Source\Scene</Filter>
    </ClCompile>
    <ClCompile Include="Application\SourceCode\Scene\SceneManager.cpp">
      <Filter>Application\Source\Scene</Filter>
    </ClCompile>
    <ClCompile Include="Application\SourceCode\Scene\TitleScene.cpp">
      <Filter>Application\Source\Scene</Filter>
    </ClCompile>
    <ClCompile Include="NewEngine\Gui\GuiManager.cpp">
      <Filter>NewEngine\Source\Gui</Filter>
    </ClCompile>
    <ClCompile Include="NewEngine\Util\Easing.cpp">
      <Filter>NewEngine\Source\Util</Filter>
    </ClCompile>
    <ClCompile Include="NewEngine\Util\BezierCurve.cpp">
      <Filter>NewEngine\Source\Util</Filter>
    </ClCompile>
    <ClCompile Include="NewEngine\Util\Timer.cpp">
      <Filter>NewEngine\Source\Util</Filter>
    </ClCompile>
    <ClCompile Include="NewEngine\Math\Quaternion.cpp">
      <Filter>NewEngine\Source\Math</Filter>
    </ClCompile>
    <ClCompile Include="NewEngine\Light\LightManager.cpp">
      <Filter>NewEngine\Source\Lighting</Filter>
    </ClCompile>
    <ClCompile Include="NewEngine\Light\CircleShadow.cpp">
      <Filter>NewEngine\Source\Lighting</Filter>
    </ClCompile>
    <ClCompile Include="NewEngine\Render\RootSignature.cpp">
      <Filter>NewEngine\Source\Render</Filter>
    </ClCompile>
    <ClCompile Include="NewEngine\Object\3D\SilhouetteObj.cpp">
      <Filter>NewEngine\Source\Object\3D</Filter>
    </ClCompile>
    <ClCompile Include="NewEngine\Object\3D\OutLineObj.cpp">
      <Filter>NewEngine\Source\Object\3D</Filter>
    </ClCompile>
    <ClCompile Include="NewEngine\Object\Other\ModelManager.cpp">
      <Filter>NewEngine\Source\Object\Other</Filter>
    </ClCompile>
    <ClCompile Include="NewEngine\Object\Other\Mesh.cpp">
      <Filter>NewEngine\Source\Object\Other</Filter>
    </ClCompile>
    <ClCompile Include="NewEngine\Object\Other\Material.cpp">
      <Filter>NewEngine\Source\Object\Other</Filter>
    </ClCompile>
    <ClCompile Include="NewEngine\Object\Other\TextureManager.cpp">
      <Filter>NewEngine\Source\Object\Other</Filter>
    </ClCompile>
    <ClCompile Include="NewEngine\Light\Fog.cpp">
      <Filter>NewEngine\Source\Lighting</Filter>
    </ClCompile>
    <ClCompile Include="NewEngine\Render\Buffer\DepthBuffer.cpp">
      <Filter>NewEngine\Source\Render\Buffer</Filter>
    </ClCompile>
    <ClCompile Include="NewEngine\Object\2D\CircleGaugeSprite.cpp">
      <Filter>NewEngine\Source\Object\2D</Filter>
    </ClCompile>
    <ClCompile Include="NewEngine\Render\GraphicsPipelineManager.cpp">
      <Filter>NewEngine\Source\Render</Filter>
    </ClCompile>
    <ClCompile Include="NewEngine\Object\2D\RenderTexture.cpp">
      <Filter>NewEngine\Source\Object\Other</Filter>
    </ClCompile>
    <ClCompile Include="Application\SourceCode\LoadManager.cpp">
      <Filter>Application\Source</Filter>
    </ClCompile>
    <ClCompile Include="NewEngine\Sound\SoundManager.cpp">
      <Filter>NewEngine\Source\Sound</Filter>
    </ClCompile>
    <ClCompile Include="NewEngine\Sound\Sound.cpp">
      <Filter>NewEngine\Source\Sound</Filter>
    </ClCompile>
    <ClCompile Include="NewEngine\Render\ShaderObjectManager.cpp">
      <Filter>NewEngine\Source\Render</Filter>
    </ClCompile>
    <ClCompile Include="NewEngine\Object\Other\TextureAnimeiton.cpp">
      <Filter>NewEngine\Source\Object\Other</Filter>
    </ClCompile>
    <ClCompile Include="Application\SourceCode\Scene\LogoScene.cpp">
      <Filter>Application\Source\Scene</Filter>
    </ClCompile>
    <ClCompile Include="Application\SourceCode\Scene\TestScene.cpp">
      <Filter>Application\Source\Scene</Filter>
    </ClCompile>
    <ClCompile Include="NewEngine\Object\Other\Billboard.cpp">
      <Filter>NewEngine\Source\Object\Other</Filter>
    </ClCompile>
    <ClCompile Include="NewEngine\Object\Other\AssimpLoader.cpp">
      <Filter>NewEngine\Source\Object\Other</Filter>
    </ClCompile>
    <ClCompile Include="Application\SourceCode\Vignette.cpp">
      <Filter>Application\Source\PostEffect</Filter>
    </ClCompile>
    <ClCompile Include="Application\SourceCode\Bloom.cpp">
      <Filter>Application\Source\PostEffect</Filter>
    </ClCompile>
    <ClCompile Include="NewEngine\Object\2D\PostEffect.cpp">
      <Filter>Application\Source\PostEffect</Filter>
    </ClCompile>
    <ClCompile Include="Application\SourceCode\Task.cpp">
      <Filter>Application\Source\PostEffect</Filter>
    </ClCompile>
    <ClCompile Include="Application\SourceCode\GaussianBlur.cpp">
      <Filter>Application\Source\PostEffect</Filter>
    </ClCompile>
    <ClCompile Include="Application\SourceCode\Glare.cpp">
      <Filter>Application\Source\PostEffect</Filter>
    </ClCompile>
    <ClCompile Include="Application\SourceCode\DOF.cpp">
      <Filter>Application\Source\PostEffect</Filter>
    </ClCompile>
    <ClCompile Include="Application\SourceCode\RadialBlur.cpp">
      <Filter>Application\Source\PostEffect</Filter>
    </ClCompile>
    <ClCompile Include="NewEngine\Object\Other\Model\ObjModel.cpp">
      <Filter>NewEngine\Source\Object\Other\Model</Filter>
    </ClCompile>
    <ClCompile Include="NewEngine\Object\Other\Model.cpp">
      <Filter>NewEngine\Source\Object\Other\Model</Filter>
    </ClCompile>
    <ClCompile Include="NewEngine\Object\Other\FbxModel.cpp">
      <Filter>NewEngine\Source\Object\Other\Model</Filter>
    </ClCompile>
    <ClCompile Include="Application\SourceCode\UIManager.cpp">
      <Filter>Application\Source\UI</Filter>
    </ClCompile>
    <ClCompile Include="Application\SourceCode\Player.cpp">
      <Filter>Application\Source</Filter>
    </ClCompile>
    <ClCompile Include="Application\SourceCode\GaugeUI.cpp">
      <Filter>Application\Source\UI</Filter>
    </ClCompile>
    <ClCompile Include="Application\SourceCode\GaugeParam.cpp">
      <Filter>Uncategorized\Source</Filter>
    </ClCompile>
    <ClCompile Include="Application\SourceCode\Weapon.cpp">
      <Filter>Application\Source\Weapon</Filter>
    </ClCompile>
    <ClCompile Include="Application\SourceCode\Club.cpp">
      <Filter>Application\Source\Weapon</Filter>
    </ClCompile>
    <ClCompile Include="Application\SourceCode\Boss.cpp">
      <Filter>Application\Source</Filter>
    </ClCompile>
    <ClCompile Include="Application\SourceCode\CollisionManager.cpp">
      <Filter>Application\Source</Filter>
    </ClCompile>
    <ClCompile Include="Application\SourceCode\IWeaponMotion.cpp">
      <Filter>Application\Source\Motion\Weapon</Filter>
    </ClCompile>
    <ClCompile Include="Application\SourceCode\MalletMotion.cpp">
      <Filter>Application\Source\Motion\Weapon</Filter>
    </ClCompile>
    <ClCompile Include="Application\SourceCode\MoveMotion.cpp">
      <Filter>Application\Source\Motion\Human</Filter>
    </ClCompile>
    <ClCompile Include="Application\SourceCode\BackstepMotion.cpp">
      <Filter>Application\Source\Motion\Human</Filter>
    </ClCompile>
    <ClCompile Include="Application\SourceCode\IMotion.cpp">
      <Filter>Application\Source\Motion\Human</Filter>
    </ClCompile>
    <ClCompile Include="Application\SourceCode\RollMotion.cpp">
      <Filter>Application\Source\Motion\Human</Filter>
    </ClCompile>
    <ClCompile Include="Application\SourceCode\TitleUI.cpp">
      <Filter>Application\Source\UI</Filter>
    </ClCompile>
    <ClCompile Include="Application\SourceCode\Scene\SceneChanger.cpp">
      <Filter>Application\Source\Scene</Filter>
    </ClCompile>
    <ClCompile Include="Application\SourceCode\MenuManager.cpp">
      <Filter>Uncategorized\Source</Filter>
    </ClCompile>
    <ClCompile Include="Application\SourceCode\Scene\PlayerBody.cpp">
      <Filter>Application\Source\Body</Filter>
    </ClCompile>
    <ClCompile Include="Application\SourceCode\HumanoidBody.cpp">
      <Filter>Application\Source\Body</Filter>
    </ClCompile>
    <ClCompile Include="Application\SourceCode\BossBody.cpp">
      <Filter>Application\Source\Body</Filter>
    </ClCompile>
    <ClCompile Include="Application\SourceCode\CameraManager.cpp">
      <Filter>Application\Source\Camera</Filter>
    </ClCompile>
    <ClCompile Include="Application\SourceCode\ICamera.cpp">
      <Filter>Application\Source\Camera</Filter>
    </ClCompile>
    <ClCompile Include="Application\SourceCode\DefaultCamera.cpp">
      <Filter>Application\Source\Camera</Filter>
    </ClCompile>
    <ClCompile Include="Application\SourceCode\TargetCamera.cpp">
      <Filter>Application\Source\Camera</Filter>
    </ClCompile>
    <ClCompile Include="Application\SourceCode\MotionManager.cpp">
      <Filter>Application\Source\Motion</Filter>
    </ClCompile>
    <ClCompile Include="Application\SourceCode\Field.cpp">
      <Filter>Application\Source\Field</Filter>
    </ClCompile>
    <ClCompile Include="Application\SourceCode\MessegeSign.cpp">
      <Filter>Application\Source\Field</Filter>
    </ClCompile>
  </ItemGroup>
  <ItemGroup>
    <ClInclude Include="NewEngine\Render\Buffer\ConstantBuffer.h">
      <Filter>NewEngine\Header\Render\Buffer</Filter>
    </ClInclude>
    <ClInclude Include="NewEngine\Render\Buffer\IndexBuffer.h">
      <Filter>NewEngine\Header\Render\Buffer</Filter>
    </ClInclude>
    <ClInclude Include="NewEngine\Render\Buffer\VertexBuffer.h">
      <Filter>NewEngine\Header\Render\Buffer</Filter>
    </ClInclude>
    <ClInclude Include="NewEngine\Render\RenderWindow.h">
      <Filter>NewEngine\Header\Render</Filter>
    </ClInclude>
    <ClInclude Include="NewEngine\Render\ScissorRectangle.h">
      <Filter>NewEngine\Header\Render</Filter>
    </ClInclude>
    <ClInclude Include="NewEngine\Render\ShaderObject.h">
      <Filter>NewEngine\Header\Render</Filter>
    </ClInclude>
    <ClInclude Include="NewEngine\Render\Viewport.h">
      <Filter>NewEngine\Header\Render</Filter>
    </ClInclude>
    <ClInclude Include="NewEngine\Render\GraphicsPipeline.h">
      <Filter>NewEngine\Header\Render</Filter>
    </ClInclude>
    <ClInclude Include="NewEngine\NewEngine.h">
      <Filter>NewEngine\Header</Filter>
    </ClInclude>
    <ClInclude Include="NewEngine\Collision\Collider.h">
      <Filter>NewEngine\Header\Collision</Filter>
    </ClInclude>
    <ClInclude Include="NewEngine\Collision\Collision.h">
      <Filter>NewEngine\Header\Collision</Filter>
    </ClInclude>
    <ClInclude Include="NewEngine\Input\InputManager.h">
      <Filter>NewEngine\Header\Input</Filter>
    </ClInclude>
    <ClInclude Include="NewEngine\Input\JoypadInput.h">
      <Filter>NewEngine\Header\Input</Filter>
    </ClInclude>
    <ClInclude Include="NewEngine\Input\KeyBoardInput.h">
      <Filter>NewEngine\Header\Input</Filter>
    </ClInclude>
    <ClInclude Include="NewEngine\Input\MouseInput.h">
      <Filter>NewEngine\Header\Input</Filter>
    </ClInclude>
    <ClInclude Include="NewEngine\Math\Mat4.h">
      <Filter>NewEngine\Header\Math</Filter>
    </ClInclude>
    <ClInclude Include="NewEngine\Math\MathUtil.h">
      <Filter>NewEngine\Header\Math</Filter>
    </ClInclude>
    <ClInclude Include="NewEngine\Math\Vec2.h">
      <Filter>NewEngine\Header\Math</Filter>
    </ClInclude>
    <ClInclude Include="NewEngine\Math\Vec3.h">
      <Filter>NewEngine\Header\Math</Filter>
    </ClInclude>
    <ClInclude Include="NewEngine\Object\2D\Sprite.h">
      <Filter>NewEngine\Header\Object\2D</Filter>
    </ClInclude>
    <ClInclude Include="NewEngine\Object\2D\RenderTexture.h">
      <Filter>NewEngine\Header\Object\2D</Filter>
    </ClInclude>
    <ClInclude Include="NewEngine\Object\3D\Camera.h">
      <Filter>NewEngine\Header\Object\3D</Filter>
    </ClInclude>
    <ClInclude Include="NewEngine\Object\3D\Line.h">
      <Filter>NewEngine\Header\Object\3D</Filter>
    </ClInclude>
    <ClInclude Include="NewEngine\Object\3D\Object3D.h">
      <Filter>NewEngine\Header\Object\3D</Filter>
    </ClInclude>
    <ClInclude Include="NewEngine\Util\Color.h">
      <Filter>NewEngine\Header\Util</Filter>
    </ClInclude>
    <ClInclude Include="NewEngine\Util\FrameRate.h">
      <Filter>NewEngine\Header\Util</Filter>
    </ClInclude>
    <ClInclude Include="NewEngine\Util\Random.h">
      <Filter>NewEngine\Header\Util</Filter>
    </ClInclude>
    <ClInclude Include="NewEngine\Util\Singleton.h">
      <Filter>NewEngine\Header\Util</Filter>
    </ClInclude>
    <ClInclude Include="NewEngine\Util\Transform.h">
      <Filter>NewEngine\Header\Util</Filter>
    </ClInclude>
    <ClInclude Include="NewEngine\Util\Util.h">
      <Filter>NewEngine\Header\Util</Filter>
    </ClInclude>
    <ClInclude Include="Application\SourceCode\Scene\GameScene.h">
      <Filter>Application\Header\Scene</Filter>
    </ClInclude>
    <ClInclude Include="Application\SourceCode\Scene\IScene.h">
      <Filter>Application\Header\Scene</Filter>
    </ClInclude>
    <ClInclude Include="Application\SourceCode\Scene\SceneManager.h">
      <Filter>Application\Header\Scene</Filter>
    </ClInclude>
    <ClInclude Include="Application\SourceCode\Scene\TitleScene.h">
      <Filter>Application\Header\Scene</Filter>
    </ClInclude>
    <ClInclude Include="NewEngine\Gui\GuiManager.h">
      <Filter>NewEngine\Header\Gui</Filter>
    </ClInclude>
    <ClInclude Include="NewEngine\Util\Easing.h">
      <Filter>NewEngine\Header\Util</Filter>
    </ClInclude>
    <ClInclude Include="NewEngine\Util\BezierCurve.h">
      <Filter>NewEngine\Header\Util</Filter>
    </ClInclude>
    <ClInclude Include="NewEngine\Util\Timer.h">
      <Filter>NewEngine\Header\Util</Filter>
    </ClInclude>
    <ClInclude Include="NewEngine\Render\Buffer\ConstantBufferData.h">
      <Filter>NewEngine\Header\Render\Buffer</Filter>
    </ClInclude>
    <ClInclude Include="NewEngine\Math\Quaternion.h">
      <Filter>NewEngine\Header\Math</Filter>
    </ClInclude>
    <ClInclude Include="NewEngine\Light\LightManager.h">
      <Filter>NewEngine\Header\Lighting</Filter>
    </ClInclude>
    <ClInclude Include="NewEngine\Light\CircleShadow.h">
      <Filter>NewEngine\Header\Lighting</Filter>
    </ClInclude>
    <ClInclude Include="NewEngine\Render\RootSignature.h">
      <Filter>NewEngine\Header\Render</Filter>
    </ClInclude>
    <ClInclude Include="NewEngine\Object\3D\SilhouetteObj.h">
      <Filter>NewEngine\Header\Object\3D</Filter>
    </ClInclude>
    <ClInclude Include="NewEngine\Object\3D\OutLineObj.h">
      <Filter>NewEngine\Header\Object\3D</Filter>
    </ClInclude>
    <ClInclude Include="NewEngine\Object\Other\ModelManager.h">
      <Filter>NewEngine\Header\Object\Other</Filter>
    </ClInclude>
    <ClInclude Include="NewEngine\Object\Other\Mesh.h">
      <Filter>NewEngine\Header\Object\Other</Filter>
    </ClInclude>
    <ClInclude Include="NewEngine\Object\Other\Material.h">
      <Filter>NewEngine\Header\Object\Other</Filter>
    </ClInclude>
    <ClInclude Include="NewEngine\Object\Other\Texture.h">
      <Filter>NewEngine\Header\Object\Other</Filter>
    </ClInclude>
    <ClInclude Include="NewEngine\Object\Other\TextureManager.h">
      <Filter>NewEngine\Header\Object\Other</Filter>
    </ClInclude>
    <ClInclude Include="NewEngine\Light\Fog.h">
      <Filter>NewEngine\Header\Lighting</Filter>
    </ClInclude>
    <ClInclude Include="Application\SourceCode\LoadManager.h">
      <Filter>Application\Header</Filter>
    </ClInclude>
    <ClInclude Include="NewEngine\Render\Buffer\DepthBuffer.h">
      <Filter>NewEngine\Header\Render\Buffer</Filter>
    </ClInclude>
    <ClInclude Include="NewEngine\Object\2D\CircleGaugeSprite.h">
      <Filter>NewEngine\Header\Object\2D</Filter>
    </ClInclude>
    <ClInclude Include="NewEngine\Render\VertexBufferData.h">
      <Filter>NewEngine\Header\Render\Buffer</Filter>
    </ClInclude>
    <ClInclude Include="NewEngine\Render\GraphicsPipelineManager.h">
      <Filter>NewEngine\Header\Render</Filter>
    </ClInclude>
    <ClInclude Include="NewEngine\Sound\SoundManager.h">
      <Filter>NewEngine\Header\Sound</Filter>
    </ClInclude>
    <ClInclude Include="NewEngine\Sound\Sound.h">
      <Filter>NewEngine\Header\Sound</Filter>
    </ClInclude>
    <ClInclude Include="NewEngine\Render\RenderTarget.h">
      <Filter>NewEngine\Header\Render\Buffer</Filter>
    </ClInclude>
    <ClInclude Include="NewEngine\Render\RenderBase.h">
      <Filter>NewEngine\Header\Render</Filter>
    </ClInclude>
    <ClInclude Include="NewEngine\Render\ShaderObjectManager.h">
      <Filter>NewEngine\Header\Render</Filter>
    </ClInclude>
    <ClInclude Include="NewEngine\Object\Other\TextureAnimeiton.h">
      <Filter>NewEngine\Header\Object\Other</Filter>
    </ClInclude>
    <ClInclude Include="Application\SourceCode\Scene\LogoScene.h">
      <Filter>Application\Header\Scene</Filter>
    </ClInclude>
    <ClInclude Include="Application\SourceCode\Scene\TestScene.h">
      <Filter>Application\Header\Scene</Filter>
    </ClInclude>
    <ClInclude Include="NewEngine\Sound\WaveSound.h">
      <Filter>NewEngine\Header\Sound</Filter>
    </ClInclude>
    <ClInclude Include="NewEngine\Object\Other\Billboard.h">
      <Filter>NewEngine\Header\Object\Other</Filter>
    </ClInclude>
    <ClInclude Include="NewEngine\Object\Other\AssimpLoader.h">
      <Filter>NewEngine\Header\Object\Other</Filter>
    </ClInclude>
    <ClInclude Include="NewEngine\Object\Other\MaterialColor.h">
      <Filter>NewEngine\Header\Object\Other</Filter>
    </ClInclude>
    <ClInclude Include="Application\SourceCode\Vignette.h">
      <Filter>Application\Header\PostEffect</Filter>
    </ClInclude>
    <ClInclude Include="Application\SourceCode\Bloom.h">
      <Filter>Application\Header\PostEffect</Filter>
    </ClInclude>
    <ClInclude Include="NewEngine\Object\2D\PostEffect.h">
      <Filter>Application\Header\PostEffect</Filter>
    </ClInclude>
    <ClInclude Include="Application\SourceCode\Task.h">
      <Filter>Application\Header\PostEffect</Filter>
    </ClInclude>
    <ClInclude Include="Application\SourceCode\Glare.h">
      <Filter>Application\Header\PostEffect</Filter>
    </ClInclude>
    <ClInclude Include="Application\SourceCode\DOF.h">
      <Filter>Application\Header\PostEffect</Filter>
    </ClInclude>
    <ClInclude Include="Application\SourceCode\GaussianBlur.h">
      <Filter>Application\Header\PostEffect</Filter>
    </ClInclude>
    <ClInclude Include="Application\SourceCode\RadialBlur.h">
      <Filter>Application\Header\PostEffect</Filter>
    </ClInclude>
    <ClInclude Include="NewEngine\Object\Other\Model.h">
      <Filter>NewEngine\Header\Object\Other\Model</Filter>
    </ClInclude>
    <ClInclude Include="NewEngine\Object\Other\Model\ObjModel.h">
      <Filter>NewEngine\Header\Object\Other\Model</Filter>
    </ClInclude>
    <ClInclude Include="NewEngine\Util\Enum.h">
      <Filter>NewEngine\Header\Util</Filter>
    </ClInclude>
    <ClInclude Include="NewEngine\Object\Other\FbxModel.h">
      <Filter>NewEngine\Header\Object\Other\Model</Filter>
    </ClInclude>
    <ClInclude Include="Application\SourceCode\UIManager.h">
      <Filter>Application\Header\UI</Filter>
    </ClInclude>
    <ClInclude Include="Application\SourceCode\Player.h">
      <Filter>Application\Header</Filter>
    </ClInclude>
    <ClInclude Include="Application\SourceCode\GaugeUI.h">
      <Filter>Application\Header\UI</Filter>
    </ClInclude>
    <ClInclude Include="Application\SourceCode\GaugeParam.h">
      <Filter>Uncategorized\Header</Filter>
    </ClInclude>
    <ClInclude Include="Application\SourceCode\GaugeType.h">
      <Filter>Application\Header\UI</Filter>
    </ClInclude>
    <ClInclude Include="Application\SourceCode\Weapon.h">
      <Filter>Application\Header\Weapon</Filter>
    </ClInclude>
    <ClInclude Include="Application\SourceCode\Club.h">
      <Filter>Application\Header\Weapon</Filter>
    </ClInclude>
    <ClInclude Include="Application\SourceCode\Boss.h">
      <Filter>Application\Header</Filter>
    </ClInclude>
    <ClInclude Include="Application\SourceCode\CollisionManager.h">
      <Filter>Application\Header</Filter>
    </ClInclude>
    <ClInclude Include="Application\SourceCode\IWeaponMotion.h">
      <Filter>Application\Header\Motion\Weapon</Filter>
    </ClInclude>
    <ClInclude Include="Application\SourceCode\MalletMotion.h">
      <Filter>Application\Header\Motion\Weapon</Filter>
    </ClInclude>
    <ClInclude Include="Application\SourceCode\BackstepMotion.h">
      <Filter>Application\Header\Motion\Human</Filter>
    </ClInclude>
    <ClInclude Include="Application\SourceCode\IMotion.h">
      <Filter>Application\Header\Motion\Human</Filter>
    </ClInclude>
    <ClInclude Include="Application\SourceCode\MoveMotion.h">
      <Filter>Application\Header\Motion\Human</Filter>
    </ClInclude>
    <ClInclude Include="Application\SourceCode\RollMotion.h">
      <Filter>Application\Header\Motion\Human</Filter>
    </ClInclude>
    <ClInclude Include="..\..\1.School\3.3年前期\TL1\CG5_Task01\Project\External\nlohmann\json.hpp">
      <Filter>nlohmann</Filter>
    </ClInclude>
    <ClInclude Include="Application\SourceCode\MotionManager.h">
      <Filter>Uncategorized\Header</Filter>
    </ClInclude>
    <ClInclude Include="Application\SourceCode\TitleUI.h">
      <Filter>Application\Header\UI</Filter>
    </ClInclude>
    <ClInclude Include="Application\SourceCode\Scene\SceneChanger.h">
      <Filter>Application\Header\Scene</Filter>
    </ClInclude>
    <ClInclude Include="Application\SourceCode\HumanoidBody.h">
      <Filter>Application\Header\Body</Filter>
    </ClInclude>
    <ClInclude Include="Application\SourceCode\PlayerBody.h">
      <Filter>Application\Header\Body</Filter>
    </ClInclude>
    <ClInclude Include="Application\SourceCode\BossBody.h">
      <Filter>Application\Header\Body</Filter>
    </ClInclude>
    <ClInclude Include="Application\SourceCode\CameraManager.h">
      <Filter>Application\Header\Camera</Filter>
    </ClInclude>
    <ClInclude Include="Application\SourceCode\ICamera.h">
      <Filter>Application\Header\Camera</Filter>
    </ClInclude>
    <ClInclude Include="Application\SourceCode\DefaultCamera.h">
      <Filter>Application\Header\Camera</Filter>
    </ClInclude>
    <ClInclude Include="Application\SourceCode\TargetCamera.h">
      <Filter>Application\Header\Camera</Filter>
    </ClInclude>
    <ClInclude Include="Application\SourceCode\MenuManager.h">
      <Filter>Application\Header\Motion</Filter>
    </ClInclude>
    <ClInclude Include="Application\SourceCode\Field.h">
      <Filter>Application\Header\Field</Filter>
    </ClInclude>
    <ClInclude Include="Application\SourceCode\MessegeSign.h">
      <Filter>Application\Header\Field</Filter>
    </ClInclude>
  </ItemGroup>
  <ItemGroup>
    <None Include="NewEngine\Shader\Blur.hlsli">
      <Filter>Shader\Engine\Util</Filter>
    </None>
    <None Include="NewEngine\Shader\Lighting.hlsli">
      <Filter>Shader\Engine\Util</Filter>
    </None>
    <None Include="NewEngine\Shader\ShaderIO.hlsli">
      <Filter>Shader\Engine\Util</Filter>
    </None>
    <None Include="NewEngine\Shader\CircleGaugeSprite.hlsli">
      <Filter>Shader\Engine</Filter>
    </None>
    <None Include="NewEngine\Shader\FbxModel.hlsli">
      <Filter>Shader\Engine</Filter>
    </None>
    <None Include="NewEngine\Shader\Line.hlsli">
      <Filter>Shader\Engine</Filter>
    </None>
    <None Include="NewEngine\Shader\Object3D.hlsli">
      <Filter>Shader\Engine</Filter>
    </None>
    <None Include="NewEngine\Shader\OutLine.hlsli">
      <Filter>Shader\Engine</Filter>
    </None>
    <None Include="NewEngine\Shader\RenderTexture.hlsli">
      <Filter>Shader\Engine</Filter>
    </None>
    <None Include="NewEngine\Shader\Silhouette.hlsli">
      <Filter>Shader\Engine</Filter>
    </None>
    <None Include="NewEngine\Shader\Sprite.hlsli">
      <Filter>Shader\Engine</Filter>
    </None>
    <None Include="NewEngine\Shader\ToonRender.hlsli">
      <Filter>Shader\Engine</Filter>
    </None>
    <None Include="Application\Shader\Bloom.hlsli">
      <Filter>Shader\Application\Bloom</Filter>
    </None>
    <None Include="Application\Shader\BGaussainBlur.hlsli">
      <Filter>Shader\Application\Bloom</Filter>
    </None>
    <None Include="Application\Shader\Vignette.hlsli">
      <Filter>Shader\Application</Filter>
    </None>
    <None Include="Application\Shader\GaussianBlur.hlsli">
      <Filter>Shader\Application</Filter>
    </None>
    <None Include="Application\Shader\HighLumi.hlsli">
      <Filter>Shader\Application</Filter>
    </None>
    <None Include="Application\Shader\GLineBlur.hlsli">
      <Filter>Shader\Application\Glare</Filter>
    </None>
    <None Include="Application\Shader\Glare.hlsli">
      <Filter>Shader\Application\Glare</Filter>
    </None>
    <None Include="Application\Shader\DotFilter.hlsli">
      <Filter>Shader\Application\Glare</Filter>
    </None>
    <None Include="Application\Shader\DOF.hlsli">
      <Filter>Shader\Application</Filter>
    </None>
    <None Include="Application\Shader\RadialBlur.hlsli">
      <Filter>Shader\Application</Filter>
    </None>
  </ItemGroup>
  <ItemGroup>
    <FxCompile Include="NewEngine\Shader\CircleGaugeSpritePS.hlsl">
      <Filter>Shader\Engine</Filter>
    </FxCompile>
    <FxCompile Include="NewEngine\Shader\CircleGaugeSpriteVS.hlsl">
      <Filter>Shader\Engine</Filter>
    </FxCompile>
    <FxCompile Include="NewEngine\Shader\FbxModelPS.hlsl">
      <Filter>Shader\Engine</Filter>
    </FxCompile>
    <FxCompile Include="NewEngine\Shader\FbxModelVS.hlsl">
      <Filter>Shader\Engine</Filter>
    </FxCompile>
    <FxCompile Include="NewEngine\Shader\LinePS.hlsl">
      <Filter>Shader\Engine</Filter>
    </FxCompile>
    <FxCompile Include="NewEngine\Shader\LineVS.hlsl">
      <Filter>Shader\Engine</Filter>
    </FxCompile>
    <FxCompile Include="NewEngine\Shader\Object3DPS.hlsl">
      <Filter>Shader\Engine</Filter>
    </FxCompile>
    <FxCompile Include="NewEngine\Shader\Object3DVS.hlsl">
      <Filter>Shader\Engine</Filter>
    </FxCompile>
    <FxCompile Include="NewEngine\Shader\OutLinePS.hlsl">
      <Filter>Shader\Engine</Filter>
    </FxCompile>
    <FxCompile Include="NewEngine\Shader\OutLineVS.hlsl">
      <Filter>Shader\Engine</Filter>
    </FxCompile>
    <FxCompile Include="NewEngine\Shader\RenderTexturePS.hlsl">
      <Filter>Shader\Engine</Filter>
    </FxCompile>
    <FxCompile Include="NewEngine\Shader\RenderTextureVS.hlsl">
      <Filter>Shader\Engine</Filter>
    </FxCompile>
    <FxCompile Include="NewEngine\Shader\SilhouettePS.hlsl">
      <Filter>Shader\Engine</Filter>
    </FxCompile>
    <FxCompile Include="NewEngine\Shader\SilhouetteVS.hlsl">
      <Filter>Shader\Engine</Filter>
    </FxCompile>
    <FxCompile Include="NewEngine\Shader\SpritePS.hlsl">
      <Filter>Shader\Engine</Filter>
    </FxCompile>
    <FxCompile Include="NewEngine\Shader\SpriteVS.hlsl">
      <Filter>Shader\Engine</Filter>
    </FxCompile>
    <FxCompile Include="NewEngine\Shader\ToonRenderPS.hlsl">
      <Filter>Shader\Engine</Filter>
    </FxCompile>
    <FxCompile Include="NewEngine\Shader\ToonRenderVS.hlsl">
      <Filter>Shader\Engine</Filter>
    </FxCompile>
    <FxCompile Include="Application\Shader\BloomPS.hlsl">
      <Filter>Shader\Application\Bloom</Filter>
    </FxCompile>
    <FxCompile Include="Application\Shader\BloomVS.hlsl">
      <Filter>Shader\Application\Bloom</Filter>
    </FxCompile>
    <FxCompile Include="Application\Shader\BGaussainBlurPS.hlsl">
      <Filter>Shader\Application\Bloom</Filter>
    </FxCompile>
    <FxCompile Include="Application\Shader\BGaussainBlurVS.hlsl">
      <Filter>Shader\Application\Bloom</Filter>
    </FxCompile>
    <FxCompile Include="Application\Shader\VignettePS.hlsl">
      <Filter>Shader\Application</Filter>
    </FxCompile>
    <FxCompile Include="Application\Shader\VignetteVS.hlsl">
      <Filter>Shader\Application</Filter>
    </FxCompile>
    <FxCompile Include="Application\Shader\GaussianBlurPS.hlsl">
      <Filter>Shader\Application</Filter>
    </FxCompile>
    <FxCompile Include="Application\Shader\GaussianBlurVS.hlsl">
      <Filter>Shader\Application</Filter>
    </FxCompile>
    <FxCompile Include="Application\Shader\HighLumiPS.hlsl">
      <Filter>Shader\Application</Filter>
    </FxCompile>
    <FxCompile Include="Application\Shader\HighLumiVS.hlsl">
      <Filter>Shader\Application</Filter>
    </FxCompile>
    <FxCompile Include="Application\Shader\GLineBlurPS.hlsl">
      <Filter>Shader\Application\Glare</Filter>
    </FxCompile>
    <FxCompile Include="Application\Shader\GLineBlurVS.hlsl">
      <Filter>Shader\Application\Glare</Filter>
    </FxCompile>
    <FxCompile Include="Application\Shader\GlarePS.hlsl">
      <Filter>Shader\Application\Glare</Filter>
    </FxCompile>
    <FxCompile Include="Application\Shader\GlareVS.hlsl">
      <Filter>Shader\Application\Glare</Filter>
    </FxCompile>
    <FxCompile Include="Application\Shader\DotFilterPS.hlsl">
      <Filter>Shader\Application\Glare</Filter>
    </FxCompile>
    <FxCompile Include="Application\Shader\DotFilterVS.hlsl">
      <Filter>Shader\Application\Glare</Filter>
    </FxCompile>
    <FxCompile Include="Application\Shader\DOFPS.hlsl">
      <Filter>Shader\Application</Filter>
    </FxCompile>
    <FxCompile Include="Application\Shader\DOFVS.hlsl">
      <Filter>Shader\Application</Filter>
    </FxCompile>
    <FxCompile Include="Application\Shader\RadialBlurPS.hlsl">
      <Filter>Shader\Application</Filter>
    </FxCompile>
    <FxCompile Include="Application\Shader\RadialBlurVS.hlsl">
      <Filter>Shader\Application</Filter>
    </FxCompile>
  </ItemGroup>
</Project>